// !$*UTF8*$!
{
	archiveVersion = 1;
	classes = {
	};
	objectVersion = 46;
	objects = {

/* Begin PBXBuildFile section */
		411F66A31D9C096A004779A5 /* BestWelcomeCollectionViewCell.m in Sources */ = {isa = PBXBuildFile; fileRef = 411F66A21D9C096A004779A5 /* BestWelcomeCollectionViewCell.m */; };
		411F66A61D9C0D87004779A5 /* NecessaryTableViewCell.m in Sources */ = {isa = PBXBuildFile; fileRef = 411F66A51D9C0D87004779A5 /* NecessaryTableViewCell.m */; };
		411F66A91D9C116E004779A5 /* NecessaryCollectionViewCell.m in Sources */ = {isa = PBXBuildFile; fileRef = 411F66A81D9C116E004779A5 /* NecessaryCollectionViewCell.m */; };
		411F66B11D9C97D0004779A5 /* FileManagerUtils.m in Sources */ = {isa = PBXBuildFile; fileRef = 411F66AD1D9C97D0004779A5 /* FileManagerUtils.m */; };
		411F66B21D9C97D0004779A5 /* NSUserDefaultsUtils.m in Sources */ = {isa = PBXBuildFile; fileRef = 411F66AF1D9C97D0004779A5 /* NSUserDefaultsUtils.m */; };
		411F66B71D9C9932004779A5 /* Not_MissModel.m in Sources */ = {isa = PBXBuildFile; fileRef = 411F66B61D9C9932004779A5 /* Not_MissModel.m */; };
		411F66BA1D9C9ADC004779A5 /* Most_PopularModel.m in Sources */ = {isa = PBXBuildFile; fileRef = 411F66B91D9C9ADC004779A5 /* Most_PopularModel.m */; };
		411F66BD1D9C9C2D004779A5 /* Local_BasicModel.m in Sources */ = {isa = PBXBuildFile; fileRef = 411F66BC1D9C9C2D004779A5 /* Local_BasicModel.m */; };
		4124B1E51DA1F35500D62C50 /* ReisterSubsLoginViewController.m in Sources */ = {isa = PBXBuildFile; fileRef = 4124B1E41DA1F35500D62C50 /* ReisterSubsLoginViewController.m */; };
		4124B1EB1DA1F99F00D62C50 /* RegisterViewController.m in Sources */ = {isa = PBXBuildFile; fileRef = 4124B1EA1DA1F99F00D62C50 /* RegisterViewController.m */; };
		4124B1EE1DA1FD8B00D62C50 /* RegisterSubsProvingViewController.m in Sources */ = {isa = PBXBuildFile; fileRef = 4124B1ED1DA1FD8B00D62C50 /* RegisterSubsProvingViewController.m */; };
		4124B1F11DA2017900D62C50 /* RegisterSubsLastViewController.m in Sources */ = {isa = PBXBuildFile; fileRef = 4124B1F01DA2017900D62C50 /* RegisterSubsLastViewController.m */; };
		4124B1F41DA2780A00D62C50 /* StarView.m in Sources */ = {isa = PBXBuildFile; fileRef = 4124B1F31DA2780A00D62C50 /* StarView.m */; };
		412666131D9D601300E93BE5 /* HotGoodCollectionViewCell.m in Sources */ = {isa = PBXBuildFile; fileRef = 412666121D9D601300E93BE5 /* HotGoodCollectionViewCell.m */; };
		412666161D9E011100E93BE5 /* DiscountButtonView.m in Sources */ = {isa = PBXBuildFile; fileRef = 412666151D9E011100E93BE5 /* DiscountButtonView.m */; };
		412666221D9E078200E93BE5 /* 1.jpg in Resources */ = {isa = PBXBuildFile; fileRef = 412666181D9E078200E93BE5 /* 1.jpg */; };
		412666231D9E078200E93BE5 /* 10.jpg in Resources */ = {isa = PBXBuildFile; fileRef = 412666191D9E078200E93BE5 /* 10.jpg */; };
		412666241D9E078200E93BE5 /* 2.jpg in Resources */ = {isa = PBXBuildFile; fileRef = 4126661A1D9E078200E93BE5 /* 2.jpg */; };
		412666251D9E078200E93BE5 /* 3.jpg in Resources */ = {isa = PBXBuildFile; fileRef = 4126661B1D9E078200E93BE5 /* 3.jpg */; };
		412666261D9E078200E93BE5 /* 4.jpg in Resources */ = {isa = PBXBuildFile; fileRef = 4126661C1D9E078200E93BE5 /* 4.jpg */; };
		412666271D9E078200E93BE5 /* 5.jpg in Resources */ = {isa = PBXBuildFile; fileRef = 4126661D1D9E078200E93BE5 /* 5.jpg */; };
		412666281D9E078200E93BE5 /* 6.jpg in Resources */ = {isa = PBXBuildFile; fileRef = 4126661E1D9E078200E93BE5 /* 6.jpg */; };
		412666291D9E078200E93BE5 /* 7.jpg in Resources */ = {isa = PBXBuildFile; fileRef = 4126661F1D9E078200E93BE5 /* 7.jpg */; };
		4126662A1D9E078200E93BE5 /* 8.jpg in Resources */ = {isa = PBXBuildFile; fileRef = 412666201D9E078200E93BE5 /* 8.jpg */; };
		4126662B1D9E078200E93BE5 /* 9.jpg in Resources */ = {isa = PBXBuildFile; fileRef = 412666211D9E078200E93BE5 /* 9.jpg */; };
		414B4F101D9E5385000F260F /* RegisterTableViewCell.m in Sources */ = {isa = PBXBuildFile; fileRef = 414B4F0F1D9E5385000F260F /* RegisterTableViewCell.m */; };
		414B4F131D9E6402000F260F /* RegisterSubsTableViewCell.m in Sources */ = {isa = PBXBuildFile; fileRef = 414B4F121D9E6402000F260F /* RegisterSubsTableViewCell.m */; };
		41568EA61D9F8D35000EFBEB /* RegisterSubsViewController.m in Sources */ = {isa = PBXBuildFile; fileRef = 41568EA51D9F8D35000EFBEB /* RegisterSubsViewController.m */; };
		41568EA91D9F91FA000EFBEB /* AZBaseTextField.m in Sources */ = {isa = PBXBuildFile; fileRef = 41568EA81D9F91FA000EFBEB /* AZBaseTextField.m */; };
		41568EAC1D9F9682000EFBEB /* AZUnderlineButton.m in Sources */ = {isa = PBXBuildFile; fileRef = 41568EAB1D9F9682000EFBEB /* AZUnderlineButton.m */; };
		4172ADB51D9E8D30005208BB /* RegisterButton.m in Sources */ = {isa = PBXBuildFile; fileRef = 4172ADB41D9E8D30005208BB /* RegisterButton.m */; };
		418250E01D9CF2B90088F78D /* MarkettopicModel.m in Sources */ = {isa = PBXBuildFile; fileRef = 418250DF1D9CF2B90088F78D /* MarkettopicModel.m */; };
		418250E71D9CF9AF0088F78D /* Hot_AreaTableViewCell.m in Sources */ = {isa = PBXBuildFile; fileRef = 418250E61D9CF9AF0088F78D /* Hot_AreaTableViewCell.m */; };
		418250EA1D9CFBC40088F78D /* HotAreaPlaceModel.m in Sources */ = {isa = PBXBuildFile; fileRef = 418250E91D9CFBC40088F78D /* HotAreaPlaceModel.m */; };
		418250ED1D9CFC990088F78D /* HotAreaListModel.m in Sources */ = {isa = PBXBuildFile; fileRef = 418250EC1D9CFC990088F78D /* HotAreaListModel.m */; };
		418250F01D9CFF210088F78D /* DiscountTopicTopicModel.m in Sources */ = {isa = PBXBuildFile; fileRef = 418250EF1D9CFF210088F78D /* DiscountTopicTopicModel.m */; };
		418250F31D9CFF850088F78D /* DiscountTopicListModel.m in Sources */ = {isa = PBXBuildFile; fileRef = 418250F21D9CFF850088F78D /* DiscountTopicListModel.m */; };
		418250F61D9D027B0088F78D /* HotGoodsModel.m in Sources */ = {isa = PBXBuildFile; fileRef = 418250F51D9D027B0088F78D /* HotGoodsModel.m */; };
		418250F91D9D0D110088F78D /* Hot_AreaSubViewTableViewCell.m in Sources */ = {isa = PBXBuildFile; fileRef = 418250F81D9D0D110088F78D /* Hot_AreaSubViewTableViewCell.m */; };
		418250FC1D9D12500088F78D /* Hot_AreaSubViewCollectionViewCell.m in Sources */ = {isa = PBXBuildFile; fileRef = 418250FB1D9D12500088F78D /* Hot_AreaSubViewCollectionViewCell.m */; };
		418250FF1D9D2CA10088F78D /* HotArea.m in Sources */ = {isa = PBXBuildFile; fileRef = 418250FE1D9D2CA10088F78D /* HotArea.m */; };
		418251021D9D363F0088F78D /* DiscountTopic.m in Sources */ = {isa = PBXBuildFile; fileRef = 418251011D9D363F0088F78D /* DiscountTopic.m */; };
		418251051D9D37F70088F78D /* DiscountTopicTableViewCell.m in Sources */ = {isa = PBXBuildFile; fileRef = 418251041D9D37F70088F78D /* DiscountTopicTableViewCell.m */; };
		418251081D9D50510088F78D /* HotGoodTableViewCell.m in Sources */ = {isa = PBXBuildFile; fileRef = 418251071D9D50510088F78D /* HotGoodTableViewCell.m */; };
		4191F8141D991A5000B88EBA /* CountryModel.m in Sources */ = {isa = PBXBuildFile; fileRef = 4191F8131D991A5000B88EBA /* CountryModel.m */; };
		4191F8171D99205C00B88EBA /* CityModel.m in Sources */ = {isa = PBXBuildFile; fileRef = 4191F8161D99205C00B88EBA /* CityModel.m */; };
		4191F81A1D9922A000B88EBA /* TravelInspanModel.m in Sources */ = {isa = PBXBuildFile; fileRef = 4191F8191D9922A000B88EBA /* TravelInspanModel.m */; };
		419D12591D994D0E008C36CF /* TravelInspanTableViewCell.m in Sources */ = {isa = PBXBuildFile; fileRef = 419D12581D994D0E008C36CF /* TravelInspanTableViewCell.m */; };
		419D12A41D9A6E75008C36CF /* FootprintLineTableViewCell.m in Sources */ = {isa = PBXBuildFile; fileRef = 419D12A31D9A6E75008C36CF /* FootprintLineTableViewCell.m */; };
		419FE4FA1D98C303008ECAC5 /* JumpViewController.m in Sources */ = {isa = PBXBuildFile; fileRef = 419FE4F91D98C303008ECAC5 /* JumpViewController.m */; };
		419FE4FF1D98CAC8008ECAC5 /* CountryViewController.m in Sources */ = {isa = PBXBuildFile; fileRef = 419FE4FE1D98CAC8008ECAC5 /* CountryViewController.m */; };
		41CA102D1D9BB8790094024E /* TravelSiteViewController.m in Sources */ = {isa = PBXBuildFile; fileRef = 41CA102C1D9BB8790094024E /* TravelSiteViewController.m */; };
		41CA10301D9BE3E10094024E /* NOMissTableViewCell.m in Sources */ = {isa = PBXBuildFile; fileRef = 41CA102F1D9BE3E10094024E /* NOMissTableViewCell.m */; };
		41CA10331D9BE5BF0094024E /* NOMissSubsTableViewCell.m in Sources */ = {isa = PBXBuildFile; fileRef = 41CA10321D9BE5BF0094024E /* NOMissSubsTableViewCell.m */; };
		41CA10361D9BF61A0094024E /* BestWelcomeTableViewCell.m in Sources */ = {isa = PBXBuildFile; fileRef = 41CA10351D9BF61A0094024E /* BestWelcomeTableViewCell.m */; };
		41CA24011D9A87B600AF8EAD /* LookAllTableViewCell.m in Sources */ = {isa = PBXBuildFile; fileRef = 41CA24001D9A87B600AF8EAD /* LookAllTableViewCell.m */; };
		41CA24041D9A8F1100AF8EAD /* FoodprintHeadCollectionViewCell.m in Sources */ = {isa = PBXBuildFile; fileRef = 41CA24031D9A8F1100AF8EAD /* FoodprintHeadCollectionViewCell.m */; };
		41CA24071D9AA2A000AF8EAD /* FootprintCollectionTableViewCell.m in Sources */ = {isa = PBXBuildFile; fileRef = 41CA24061D9AA2A000AF8EAD /* FootprintCollectionTableViewCell.m */; };
		41CA240D1D9AA48400AF8EAD /* FootPrintTwoCollectionViewCell.m in Sources */ = {isa = PBXBuildFile; fileRef = 41CA240C1D9AA48400AF8EAD /* FootPrintTwoCollectionViewCell.m */; };
		49252C4E1D93E1610068B48E /* HomeSlideModel.m in Sources */ = {isa = PBXBuildFile; fileRef = 49252C4D1D93E1610068B48E /* HomeSlideModel.m */; };
		49252C511D93E2430068B48E /* SlideCollectionViewCell.m in Sources */ = {isa = PBXBuildFile; fileRef = 49252C501D93E2430068B48E /* SlideCollectionViewCell.m */; };
		49252C541D9405E20068B48E /* CommendView.m in Sources */ = {isa = PBXBuildFile; fileRef = 49252C531D9405E20068B48E /* CommendView.m */; };
		49252C571D940CBB0068B48E /* TabView.m in Sources */ = {isa = PBXBuildFile; fileRef = 49252C561D940CBB0068B48E /* TabView.m */; };
		4939FD901D955A0400FDC0AD /* FootprintPopBournModel.m in Sources */ = {isa = PBXBuildFile; fileRef = 4939FD8F1D955A0400FDC0AD /* FootprintPopBournModel.m */; };
		4945D1D31D9695B40071434E /* PopBournCollectionViewCell.m in Sources */ = {isa = PBXBuildFile; fileRef = 4945D1D21D9695B40071434E /* PopBournCollectionViewCell.m */; };
		4945D1D61D9698E90071434E /* ContinentModel.m in Sources */ = {isa = PBXBuildFile; fileRef = 4945D1D51D9698E90071434E /* ContinentModel.m */; };
		496BD9FD1D92C6260013E78A /* HomeOneTableViewCell.m in Sources */ = {isa = PBXBuildFile; fileRef = 496BD9FC1D92C6260013E78A /* HomeOneTableViewCell.m */; };
		49A01AD21D950D980066C1B9 /* AZBaseLabel.m in Sources */ = {isa = PBXBuildFile; fileRef = 49A01AD11D950D980066C1B9 /* AZBaseLabel.m */; };
		49A01AD51D9518F20066C1B9 /* AZBaseButton.m in Sources */ = {isa = PBXBuildFile; fileRef = 49A01AD41D9518F20066C1B9 /* AZBaseButton.m */; };
		49D9AF851D92167B0095FB0D /* main.m in Sources */ = {isa = PBXBuildFile; fileRef = 49D9AF841D92167B0095FB0D /* main.m */; };
		49D9AF881D92167B0095FB0D /* AppDelegate.m in Sources */ = {isa = PBXBuildFile; fileRef = 49D9AF871D92167B0095FB0D /* AppDelegate.m */; };
		49D9AF8B1D92167B0095FB0D /* ViewController.m in Sources */ = {isa = PBXBuildFile; fileRef = 49D9AF8A1D92167B0095FB0D /* ViewController.m */; };
		49D9AF8E1D92167B0095FB0D /* Main.storyboard in Resources */ = {isa = PBXBuildFile; fileRef = 49D9AF8C1D92167B0095FB0D /* Main.storyboard */; };
		49D9AF911D92167B0095FB0D /* WJQ_ApeTravel.xcdatamodeld in Sources */ = {isa = PBXBuildFile; fileRef = 49D9AF8F1D92167B0095FB0D /* WJQ_ApeTravel.xcdatamodeld */; };
		49D9AF931D92167B0095FB0D /* Assets.xcassets in Resources */ = {isa = PBXBuildFile; fileRef = 49D9AF921D92167B0095FB0D /* Assets.xcassets */; };
		49D9AF961D92167B0095FB0D /* LaunchScreen.storyboard in Resources */ = {isa = PBXBuildFile; fileRef = 49D9AF941D92167B0095FB0D /* LaunchScreen.storyboard */; };
		49D9AFA11D92167B0095FB0D /* WJQ_ApeTravelTests.m in Sources */ = {isa = PBXBuildFile; fileRef = 49D9AFA01D92167B0095FB0D /* WJQ_ApeTravelTests.m */; };
		49D9AFAD1D9217400095FB0D /* AboutMe.text in Sources */ = {isa = PBXBuildFile; fileRef = 49D9AFAC1D9217400095FB0D /* AboutMe.text */; };
		49D9AFC91D9218420095FB0D /* NSString+Regex.m in Sources */ = {isa = PBXBuildFile; fileRef = 49D9AFC61D9218420095FB0D /* NSString+Regex.m */; };
		49D9AFCA1D9218420095FB0D /* UIView+Frame.m in Sources */ = {isa = PBXBuildFile; fileRef = 49D9AFC81D9218420095FB0D /* UIView+Frame.m */; };
		49D9AFD51D9218560095FB0D /* AZBaseController.m in Sources */ = {isa = PBXBuildFile; fileRef = 49D9AFCE1D9218560095FB0D /* AZBaseController.m */; };
		49D9AFD61D9218560095FB0D /* AZBaseModel.m in Sources */ = {isa = PBXBuildFile; fileRef = 49D9AFD11D9218560095FB0D /* AZBaseModel.m */; };
		49D9AFD71D9218560095FB0D /* AZBaseView.m in Sources */ = {isa = PBXBuildFile; fileRef = 49D9AFD41D9218560095FB0D /* AZBaseView.m */; };
		49D9AFDD1D921AB20095FB0D /* FootprintViewController.m in Sources */ = {isa = PBXBuildFile; fileRef = 49D9AFDC1D921AB20095FB0D /* FootprintViewController.m */; };
		49D9AFE01D921AC00095FB0D /* DiscountViewController.m in Sources */ = {isa = PBXBuildFile; fileRef = 49D9AFDF1D921AC00095FB0D /* DiscountViewController.m */; };
		49D9AFE31D921ADA0095FB0D /* CommunityViewController.m in Sources */ = {isa = PBXBuildFile; fileRef = 49D9AFE21D921ADA0095FB0D /* CommunityViewController.m */; };
		49D9AFE91D924C540095FB0D /* HomeViewController.m in Sources */ = {isa = PBXBuildFile; fileRef = 49D9AFE81D924C540095FB0D /* HomeViewController.m */; };
		49D9AFEC1D9267DA0095FB0D /* HomeTableViewCell.m in Sources */ = {isa = PBXBuildFile; fileRef = 49D9AFEB1D9267DA0095FB0D /* HomeTableViewCell.m */; };
		49D9AFEF1D926ED20095FB0D /* HomeModel.m in Sources */ = {isa = PBXBuildFile; fileRef = 49D9AFEE1D926ED20095FB0D /* HomeModel.m */; };
		49D9AFF21D9274940095FB0D /* NSString+Categories.m in Sources */ = {isa = PBXBuildFile; fileRef = 49D9AFF11D9274940095FB0D /* NSString+Categories.m */; };
		49D9AFF51D9274CF0095FB0D /* UIImage+Categories.m in Sources */ = {isa = PBXBuildFile; fileRef = 49D9AFF41D9274CF0095FB0D /* UIImage+Categories.m */; };
		49F5CFA31D936C49006DA898 /* HomeTwoTableViewCell.m in Sources */ = {isa = PBXBuildFile; fileRef = 49F5CFA21D936C49006DA898 /* HomeTwoTableViewCell.m */; };
		49F5CFA61D936DC5006DA898 /* HomeThreeTableViewCell.m in Sources */ = {isa = PBXBuildFile; fileRef = 49F5CFA51D936DC5006DA898 /* HomeThreeTableViewCell.m */; };
		49F5CFA91D938033006DA898 /* SubitemsCollectionViewCell.m in Sources */ = {isa = PBXBuildFile; fileRef = 49F5CFA81D938033006DA898 /* SubitemsCollectionViewCell.m */; };
		BD3D6E32DDCC34E62666E2FD /* libPods-WJQ_ApeTravel.a in Frameworks */ = {isa = PBXBuildFile; fileRef = 9CC999D789EC9FBFB7905A5D /* libPods-WJQ_ApeTravel.a */; };
		F07AB8AF9B8964CF49CE542D /* libPods-WJQ_ApeTravelTests.a in Frameworks */ = {isa = PBXBuildFile; fileRef = B1A9E80651E993C07C33559A /* libPods-WJQ_ApeTravelTests.a */; };
/* End PBXBuildFile section */

/* Begin PBXContainerItemProxy section */
		49D9AF9D1D92167B0095FB0D /* PBXContainerItemProxy */ = {
			isa = PBXContainerItemProxy;
			containerPortal = 49D9AF781D92167B0095FB0D /* Project object */;
			proxyType = 1;
			remoteGlobalIDString = 49D9AF7F1D92167B0095FB0D;
			remoteInfo = WJQ_ApeTravel;
		};
/* End PBXContainerItemProxy section */

/* Begin PBXFileReference section */
		02382DD6916FA7BEC0DC808E /* Pods-WJQ_ApeTravelTests.release.xcconfig */ = {isa = PBXFileReference; includeInIndex = 1; lastKnownFileType = text.xcconfig; name = "Pods-WJQ_ApeTravelTests.release.xcconfig"; path = "Pods/Target Support Files/Pods-WJQ_ApeTravelTests/Pods-WJQ_ApeTravelTests.release.xcconfig"; sourceTree = "<group>"; };
		0A7BAD0048A38BA313E94CE9 /* Pods-WJQ_ApeTravelTests.debug.xcconfig */ = {isa = PBXFileReference; includeInIndex = 1; lastKnownFileType = text.xcconfig; name = "Pods-WJQ_ApeTravelTests.debug.xcconfig"; path = "Pods/Target Support Files/Pods-WJQ_ApeTravelTests/Pods-WJQ_ApeTravelTests.debug.xcconfig"; sourceTree = "<group>"; };
		337E83EC9341EEF2D0DC4B82 /* Pods-WJQ_ApeTravel.debug.xcconfig */ = {isa = PBXFileReference; includeInIndex = 1; lastKnownFileType = text.xcconfig; name = "Pods-WJQ_ApeTravel.debug.xcconfig"; path = "Pods/Target Support Files/Pods-WJQ_ApeTravel/Pods-WJQ_ApeTravel.debug.xcconfig"; sourceTree = "<group>"; };
		411F66A11D9C096A004779A5 /* BestWelcomeCollectionViewCell.h */ = {isa = PBXFileReference; fileEncoding = 4; lastKnownFileType = sourcecode.c.h; path = BestWelcomeCollectionViewCell.h; sourceTree = "<group>"; };
		411F66A21D9C096A004779A5 /* BestWelcomeCollectionViewCell.m */ = {isa = PBXFileReference; fileEncoding = 4; lastKnownFileType = sourcecode.c.objc; path = BestWelcomeCollectionViewCell.m; sourceTree = "<group>"; };
		411F66A41D9C0D87004779A5 /* NecessaryTableViewCell.h */ = {isa = PBXFileReference; fileEncoding = 4; lastKnownFileType = sourcecode.c.h; path = NecessaryTableViewCell.h; sourceTree = "<group>"; };
		411F66A51D9C0D87004779A5 /* NecessaryTableViewCell.m */ = {isa = PBXFileReference; fileEncoding = 4; lastKnownFileType = sourcecode.c.objc; path = NecessaryTableViewCell.m; sourceTree = "<group>"; };
		411F66A71D9C116E004779A5 /* NecessaryCollectionViewCell.h */ = {isa = PBXFileReference; fileEncoding = 4; lastKnownFileType = sourcecode.c.h; path = NecessaryCollectionViewCell.h; sourceTree = "<group>"; };
		411F66A81D9C116E004779A5 /* NecessaryCollectionViewCell.m */ = {isa = PBXFileReference; fileEncoding = 4; lastKnownFileType = sourcecode.c.objc; path = NecessaryCollectionViewCell.m; sourceTree = "<group>"; };
		411F66AC1D9C97D0004779A5 /* FileManagerUtils.h */ = {isa = PBXFileReference; fileEncoding = 4; lastKnownFileType = sourcecode.c.h; path = FileManagerUtils.h; sourceTree = "<group>"; };
		411F66AD1D9C97D0004779A5 /* FileManagerUtils.m */ = {isa = PBXFileReference; fileEncoding = 4; lastKnownFileType = sourcecode.c.objc; path = FileManagerUtils.m; sourceTree = "<group>"; };
		411F66AE1D9C97D0004779A5 /* NSUserDefaultsUtils.h */ = {isa = PBXFileReference; fileEncoding = 4; lastKnownFileType = sourcecode.c.h; path = NSUserDefaultsUtils.h; sourceTree = "<group>"; };
		411F66AF1D9C97D0004779A5 /* NSUserDefaultsUtils.m */ = {isa = PBXFileReference; fileEncoding = 4; lastKnownFileType = sourcecode.c.objc; path = NSUserDefaultsUtils.m; sourceTree = "<group>"; };
		411F66B51D9C9932004779A5 /* Not_MissModel.h */ = {isa = PBXFileReference; fileEncoding = 4; lastKnownFileType = sourcecode.c.h; path = Not_MissModel.h; sourceTree = "<group>"; };
		411F66B61D9C9932004779A5 /* Not_MissModel.m */ = {isa = PBXFileReference; fileEncoding = 4; lastKnownFileType = sourcecode.c.objc; path = Not_MissModel.m; sourceTree = "<group>"; };
		411F66B81D9C9ADC004779A5 /* Most_PopularModel.h */ = {isa = PBXFileReference; fileEncoding = 4; lastKnownFileType = sourcecode.c.h; path = Most_PopularModel.h; sourceTree = "<group>"; };
		411F66B91D9C9ADC004779A5 /* Most_PopularModel.m */ = {isa = PBXFileReference; fileEncoding = 4; lastKnownFileType = sourcecode.c.objc; path = Most_PopularModel.m; sourceTree = "<group>"; };
		411F66BB1D9C9C2D004779A5 /* Local_BasicModel.h */ = {isa = PBXFileReference; fileEncoding = 4; lastKnownFileType = sourcecode.c.h; path = Local_BasicModel.h; sourceTree = "<group>"; };
		411F66BC1D9C9C2D004779A5 /* Local_BasicModel.m */ = {isa = PBXFileReference; fileEncoding = 4; lastKnownFileType = sourcecode.c.objc; path = Local_BasicModel.m; sourceTree = "<group>"; };
		4124B1E31DA1F35500D62C50 /* ReisterSubsLoginViewController.h */ = {isa = PBXFileReference; fileEncoding = 4; lastKnownFileType = sourcecode.c.h; path = ReisterSubsLoginViewController.h; sourceTree = "<group>"; };
		4124B1E41DA1F35500D62C50 /* ReisterSubsLoginViewController.m */ = {isa = PBXFileReference; fileEncoding = 4; lastKnownFileType = sourcecode.c.objc; path = ReisterSubsLoginViewController.m; sourceTree = "<group>"; };
		4124B1E91DA1F99F00D62C50 /* RegisterViewController.h */ = {isa = PBXFileReference; fileEncoding = 4; lastKnownFileType = sourcecode.c.h; path = RegisterViewController.h; sourceTree = "<group>"; };
		4124B1EA1DA1F99F00D62C50 /* RegisterViewController.m */ = {isa = PBXFileReference; fileEncoding = 4; lastKnownFileType = sourcecode.c.objc; path = RegisterViewController.m; sourceTree = "<group>"; };
		4124B1EC1DA1FD8B00D62C50 /* RegisterSubsProvingViewController.h */ = {isa = PBXFileReference; fileEncoding = 4; lastKnownFileType = sourcecode.c.h; path = RegisterSubsProvingViewController.h; sourceTree = "<group>"; };
		4124B1ED1DA1FD8B00D62C50 /* RegisterSubsProvingViewController.m */ = {isa = PBXFileReference; fileEncoding = 4; lastKnownFileType = sourcecode.c.objc; path = RegisterSubsProvingViewController.m; sourceTree = "<group>"; };
		4124B1EF1DA2017900D62C50 /* RegisterSubsLastViewController.h */ = {isa = PBXFileReference; fileEncoding = 4; lastKnownFileType = sourcecode.c.h; path = RegisterSubsLastViewController.h; sourceTree = "<group>"; };
		4124B1F01DA2017900D62C50 /* RegisterSubsLastViewController.m */ = {isa = PBXFileReference; fileEncoding = 4; lastKnownFileType = sourcecode.c.objc; path = RegisterSubsLastViewController.m; sourceTree = "<group>"; };
		4124B1F21DA2780A00D62C50 /* StarView.h */ = {isa = PBXFileReference; fileEncoding = 4; lastKnownFileType = sourcecode.c.h; path = StarView.h; sourceTree = "<group>"; };
		4124B1F31DA2780A00D62C50 /* StarView.m */ = {isa = PBXFileReference; fileEncoding = 4; lastKnownFileType = sourcecode.c.objc; path = StarView.m; sourceTree = "<group>"; };
		412666111D9D601300E93BE5 /* HotGoodCollectionViewCell.h */ = {isa = PBXFileReference; fileEncoding = 4; lastKnownFileType = sourcecode.c.h; path = HotGoodCollectionViewCell.h; sourceTree = "<group>"; };
		412666121D9D601300E93BE5 /* HotGoodCollectionViewCell.m */ = {isa = PBXFileReference; fileEncoding = 4; lastKnownFileType = sourcecode.c.objc; path = HotGoodCollectionViewCell.m; sourceTree = "<group>"; };
		412666141D9E011100E93BE5 /* DiscountButtonView.h */ = {isa = PBXFileReference; fileEncoding = 4; lastKnownFileType = sourcecode.c.h; path = DiscountButtonView.h; sourceTree = "<group>"; };
		412666151D9E011100E93BE5 /* DiscountButtonView.m */ = {isa = PBXFileReference; fileEncoding = 4; lastKnownFileType = sourcecode.c.objc; path = DiscountButtonView.m; sourceTree = "<group>"; };
		412666181D9E078200E93BE5 /* 1.jpg */ = {isa = PBXFileReference; lastKnownFileType = image.jpeg; path = 1.jpg; sourceTree = "<group>"; };
		412666191D9E078200E93BE5 /* 10.jpg */ = {isa = PBXFileReference; lastKnownFileType = image.jpeg; path = 10.jpg; sourceTree = "<group>"; };
		4126661A1D9E078200E93BE5 /* 2.jpg */ = {isa = PBXFileReference; lastKnownFileType = image.jpeg; path = 2.jpg; sourceTree = "<group>"; };
		4126661B1D9E078200E93BE5 /* 3.jpg */ = {isa = PBXFileReference; lastKnownFileType = image.jpeg; path = 3.jpg; sourceTree = "<group>"; };
		4126661C1D9E078200E93BE5 /* 4.jpg */ = {isa = PBXFileReference; lastKnownFileType = image.jpeg; path = 4.jpg; sourceTree = "<group>"; };
		4126661D1D9E078200E93BE5 /* 5.jpg */ = {isa = PBXFileReference; lastKnownFileType = image.jpeg; path = 5.jpg; sourceTree = "<group>"; };
		4126661E1D9E078200E93BE5 /* 6.jpg */ = {isa = PBXFileReference; lastKnownFileType = image.jpeg; path = 6.jpg; sourceTree = "<group>"; };
		4126661F1D9E078200E93BE5 /* 7.jpg */ = {isa = PBXFileReference; lastKnownFileType = image.jpeg; path = 7.jpg; sourceTree = "<group>"; };
		412666201D9E078200E93BE5 /* 8.jpg */ = {isa = PBXFileReference; lastKnownFileType = image.jpeg; path = 8.jpg; sourceTree = "<group>"; };
		412666211D9E078200E93BE5 /* 9.jpg */ = {isa = PBXFileReference; lastKnownFileType = image.jpeg; path = 9.jpg; sourceTree = "<group>"; };
		414B4F0E1D9E5385000F260F /* RegisterTableViewCell.h */ = {isa = PBXFileReference; fileEncoding = 4; lastKnownFileType = sourcecode.c.h; path = RegisterTableViewCell.h; sourceTree = "<group>"; };
		414B4F0F1D9E5385000F260F /* RegisterTableViewCell.m */ = {isa = PBXFileReference; fileEncoding = 4; lastKnownFileType = sourcecode.c.objc; path = RegisterTableViewCell.m; sourceTree = "<group>"; };
		414B4F111D9E6402000F260F /* RegisterSubsTableViewCell.h */ = {isa = PBXFileReference; fileEncoding = 4; lastKnownFileType = sourcecode.c.h; path = RegisterSubsTableViewCell.h; sourceTree = "<group>"; };
		414B4F121D9E6402000F260F /* RegisterSubsTableViewCell.m */ = {isa = PBXFileReference; fileEncoding = 4; lastKnownFileType = sourcecode.c.objc; path = RegisterSubsTableViewCell.m; sourceTree = "<group>"; };
		41568EA41D9F8D35000EFBEB /* RegisterSubsViewController.h */ = {isa = PBXFileReference; fileEncoding = 4; lastKnownFileType = sourcecode.c.h; path = RegisterSubsViewController.h; sourceTree = "<group>"; };
		41568EA51D9F8D35000EFBEB /* RegisterSubsViewController.m */ = {isa = PBXFileReference; fileEncoding = 4; lastKnownFileType = sourcecode.c.objc; path = RegisterSubsViewController.m; sourceTree = "<group>"; };
		41568EA71D9F91FA000EFBEB /* AZBaseTextField.h */ = {isa = PBXFileReference; fileEncoding = 4; lastKnownFileType = sourcecode.c.h; path = AZBaseTextField.h; sourceTree = "<group>"; };
		41568EA81D9F91FA000EFBEB /* AZBaseTextField.m */ = {isa = PBXFileReference; fileEncoding = 4; lastKnownFileType = sourcecode.c.objc; path = AZBaseTextField.m; sourceTree = "<group>"; };
		41568EAA1D9F9682000EFBEB /* AZUnderlineButton.h */ = {isa = PBXFileReference; fileEncoding = 4; lastKnownFileType = sourcecode.c.h; path = AZUnderlineButton.h; sourceTree = "<group>"; };
		41568EAB1D9F9682000EFBEB /* AZUnderlineButton.m */ = {isa = PBXFileReference; fileEncoding = 4; lastKnownFileType = sourcecode.c.objc; path = AZUnderlineButton.m; sourceTree = "<group>"; };
		4172ADB31D9E8D30005208BB /* RegisterButton.h */ = {isa = PBXFileReference; fileEncoding = 4; lastKnownFileType = sourcecode.c.h; path = RegisterButton.h; sourceTree = "<group>"; };
		4172ADB41D9E8D30005208BB /* RegisterButton.m */ = {isa = PBXFileReference; fileEncoding = 4; lastKnownFileType = sourcecode.c.objc; path = RegisterButton.m; sourceTree = "<group>"; };
		418250DE1D9CF2B90088F78D /* MarkettopicModel.h */ = {isa = PBXFileReference; fileEncoding = 4; lastKnownFileType = sourcecode.c.h; path = MarkettopicModel.h; sourceTree = "<group>"; };
		418250DF1D9CF2B90088F78D /* MarkettopicModel.m */ = {isa = PBXFileReference; fileEncoding = 4; lastKnownFileType = sourcecode.c.objc; path = MarkettopicModel.m; sourceTree = "<group>"; };
		418250E51D9CF9AF0088F78D /* Hot_AreaTableViewCell.h */ = {isa = PBXFileReference; fileEncoding = 4; lastKnownFileType = sourcecode.c.h; path = Hot_AreaTableViewCell.h; sourceTree = "<group>"; };
		418250E61D9CF9AF0088F78D /* Hot_AreaTableViewCell.m */ = {isa = PBXFileReference; fileEncoding = 4; lastKnownFileType = sourcecode.c.objc; path = Hot_AreaTableViewCell.m; sourceTree = "<group>"; };
		418250E81D9CFBC40088F78D /* HotAreaPlaceModel.h */ = {isa = PBXFileReference; fileEncoding = 4; lastKnownFileType = sourcecode.c.h; path = HotAreaPlaceModel.h; sourceTree = "<group>"; };
		418250E91D9CFBC40088F78D /* HotAreaPlaceModel.m */ = {isa = PBXFileReference; fileEncoding = 4; lastKnownFileType = sourcecode.c.objc; path = HotAreaPlaceModel.m; sourceTree = "<group>"; };
		418250EB1D9CFC990088F78D /* HotAreaListModel.h */ = {isa = PBXFileReference; fileEncoding = 4; lastKnownFileType = sourcecode.c.h; path = HotAreaListModel.h; sourceTree = "<group>"; };
		418250EC1D9CFC990088F78D /* HotAreaListModel.m */ = {isa = PBXFileReference; fileEncoding = 4; lastKnownFileType = sourcecode.c.objc; path = HotAreaListModel.m; sourceTree = "<group>"; };
		418250EE1D9CFF210088F78D /* DiscountTopicTopicModel.h */ = {isa = PBXFileReference; fileEncoding = 4; lastKnownFileType = sourcecode.c.h; path = DiscountTopicTopicModel.h; sourceTree = "<group>"; };
		418250EF1D9CFF210088F78D /* DiscountTopicTopicModel.m */ = {isa = PBXFileReference; fileEncoding = 4; lastKnownFileType = sourcecode.c.objc; path = DiscountTopicTopicModel.m; sourceTree = "<group>"; };
		418250F11D9CFF850088F78D /* DiscountTopicListModel.h */ = {isa = PBXFileReference; fileEncoding = 4; lastKnownFileType = sourcecode.c.h; path = DiscountTopicListModel.h; sourceTree = "<group>"; };
		418250F21D9CFF850088F78D /* DiscountTopicListModel.m */ = {isa = PBXFileReference; fileEncoding = 4; lastKnownFileType = sourcecode.c.objc; path = DiscountTopicListModel.m; sourceTree = "<group>"; };
		418250F41D9D027B0088F78D /* HotGoodsModel.h */ = {isa = PBXFileReference; fileEncoding = 4; lastKnownFileType = sourcecode.c.h; path = HotGoodsModel.h; sourceTree = "<group>"; };
		418250F51D9D027B0088F78D /* HotGoodsModel.m */ = {isa = PBXFileReference; fileEncoding = 4; lastKnownFileType = sourcecode.c.objc; path = HotGoodsModel.m; sourceTree = "<group>"; };
		418250F71D9D0D110088F78D /* Hot_AreaSubViewTableViewCell.h */ = {isa = PBXFileReference; fileEncoding = 4; lastKnownFileType = sourcecode.c.h; path = Hot_AreaSubViewTableViewCell.h; sourceTree = "<group>"; };
		418250F81D9D0D110088F78D /* Hot_AreaSubViewTableViewCell.m */ = {isa = PBXFileReference; fileEncoding = 4; lastKnownFileType = sourcecode.c.objc; path = Hot_AreaSubViewTableViewCell.m; sourceTree = "<group>"; };
		418250FA1D9D12500088F78D /* Hot_AreaSubViewCollectionViewCell.h */ = {isa = PBXFileReference; fileEncoding = 4; lastKnownFileType = sourcecode.c.h; path = Hot_AreaSubViewCollectionViewCell.h; sourceTree = "<group>"; };
		418250FB1D9D12500088F78D /* Hot_AreaSubViewCollectionViewCell.m */ = {isa = PBXFileReference; fileEncoding = 4; lastKnownFileType = sourcecode.c.objc; path = Hot_AreaSubViewCollectionViewCell.m; sourceTree = "<group>"; };
		418250FD1D9D2CA10088F78D /* HotArea.h */ = {isa = PBXFileReference; fileEncoding = 4; lastKnownFileType = sourcecode.c.h; path = HotArea.h; sourceTree = "<group>"; };
		418250FE1D9D2CA10088F78D /* HotArea.m */ = {isa = PBXFileReference; fileEncoding = 4; lastKnownFileType = sourcecode.c.objc; path = HotArea.m; sourceTree = "<group>"; };
		418251001D9D363F0088F78D /* DiscountTopic.h */ = {isa = PBXFileReference; fileEncoding = 4; lastKnownFileType = sourcecode.c.h; path = DiscountTopic.h; sourceTree = "<group>"; };
		418251011D9D363F0088F78D /* DiscountTopic.m */ = {isa = PBXFileReference; fileEncoding = 4; lastKnownFileType = sourcecode.c.objc; path = DiscountTopic.m; sourceTree = "<group>"; };
		418251031D9D37F70088F78D /* DiscountTopicTableViewCell.h */ = {isa = PBXFileReference; fileEncoding = 4; lastKnownFileType = sourcecode.c.h; path = DiscountTopicTableViewCell.h; sourceTree = "<group>"; };
		418251041D9D37F70088F78D /* DiscountTopicTableViewCell.m */ = {isa = PBXFileReference; fileEncoding = 4; lastKnownFileType = sourcecode.c.objc; path = DiscountTopicTableViewCell.m; sourceTree = "<group>"; };
		418251061D9D50510088F78D /* HotGoodTableViewCell.h */ = {isa = PBXFileReference; fileEncoding = 4; lastKnownFileType = sourcecode.c.h; path = HotGoodTableViewCell.h; sourceTree = "<group>"; };
		418251071D9D50510088F78D /* HotGoodTableViewCell.m */ = {isa = PBXFileReference; fileEncoding = 4; lastKnownFileType = sourcecode.c.objc; path = HotGoodTableViewCell.m; sourceTree = "<group>"; };
		4191F8121D991A5000B88EBA /* CountryModel.h */ = {isa = PBXFileReference; fileEncoding = 4; lastKnownFileType = sourcecode.c.h; path = CountryModel.h; sourceTree = "<group>"; };
		4191F8131D991A5000B88EBA /* CountryModel.m */ = {isa = PBXFileReference; fileEncoding = 4; lastKnownFileType = sourcecode.c.objc; path = CountryModel.m; sourceTree = "<group>"; };
		4191F8151D99205C00B88EBA /* CityModel.h */ = {isa = PBXFileReference; fileEncoding = 4; lastKnownFileType = sourcecode.c.h; path = CityModel.h; sourceTree = "<group>"; };
		4191F8161D99205C00B88EBA /* CityModel.m */ = {isa = PBXFileReference; fileEncoding = 4; lastKnownFileType = sourcecode.c.objc; path = CityModel.m; sourceTree = "<group>"; };
		4191F8181D9922A000B88EBA /* TravelInspanModel.h */ = {isa = PBXFileReference; fileEncoding = 4; lastKnownFileType = sourcecode.c.h; path = TravelInspanModel.h; sourceTree = "<group>"; };
		4191F8191D9922A000B88EBA /* TravelInspanModel.m */ = {isa = PBXFileReference; fileEncoding = 4; lastKnownFileType = sourcecode.c.objc; path = TravelInspanModel.m; sourceTree = "<group>"; };
		419D12571D994D0E008C36CF /* TravelInspanTableViewCell.h */ = {isa = PBXFileReference; fileEncoding = 4; lastKnownFileType = sourcecode.c.h; path = TravelInspanTableViewCell.h; sourceTree = "<group>"; };
		419D12581D994D0E008C36CF /* TravelInspanTableViewCell.m */ = {isa = PBXFileReference; fileEncoding = 4; lastKnownFileType = sourcecode.c.objc; path = TravelInspanTableViewCell.m; sourceTree = "<group>"; };
		419D12A21D9A6E75008C36CF /* FootprintLineTableViewCell.h */ = {isa = PBXFileReference; fileEncoding = 4; lastKnownFileType = sourcecode.c.h; path = FootprintLineTableViewCell.h; sourceTree = "<group>"; };
		419D12A31D9A6E75008C36CF /* FootprintLineTableViewCell.m */ = {isa = PBXFileReference; fileEncoding = 4; lastKnownFileType = sourcecode.c.objc; path = FootprintLineTableViewCell.m; sourceTree = "<group>"; };
		419FE4F81D98C303008ECAC5 /* JumpViewController.h */ = {isa = PBXFileReference; fileEncoding = 4; lastKnownFileType = sourcecode.c.h; path = JumpViewController.h; sourceTree = "<group>"; };
		419FE4F91D98C303008ECAC5 /* JumpViewController.m */ = {isa = PBXFileReference; fileEncoding = 4; lastKnownFileType = sourcecode.c.objc; path = JumpViewController.m; sourceTree = "<group>"; };
		419FE4FD1D98CAC8008ECAC5 /* CountryViewController.h */ = {isa = PBXFileReference; fileEncoding = 4; lastKnownFileType = sourcecode.c.h; path = CountryViewController.h; sourceTree = "<group>"; };
		419FE4FE1D98CAC8008ECAC5 /* CountryViewController.m */ = {isa = PBXFileReference; fileEncoding = 4; lastKnownFileType = sourcecode.c.objc; path = CountryViewController.m; sourceTree = "<group>"; };
		41CA102B1D9BB8790094024E /* TravelSiteViewController.h */ = {isa = PBXFileReference; fileEncoding = 4; lastKnownFileType = sourcecode.c.h; path = TravelSiteViewController.h; sourceTree = "<group>"; };
		41CA102C1D9BB8790094024E /* TravelSiteViewController.m */ = {isa = PBXFileReference; fileEncoding = 4; lastKnownFileType = sourcecode.c.objc; path = TravelSiteViewController.m; sourceTree = "<group>"; };
		41CA102E1D9BE3E10094024E /* NOMissTableViewCell.h */ = {isa = PBXFileReference; fileEncoding = 4; lastKnownFileType = sourcecode.c.h; path = NOMissTableViewCell.h; sourceTree = "<group>"; };
		41CA102F1D9BE3E10094024E /* NOMissTableViewCell.m */ = {isa = PBXFileReference; fileEncoding = 4; lastKnownFileType = sourcecode.c.objc; path = NOMissTableViewCell.m; sourceTree = "<group>"; };
		41CA10311D9BE5BF0094024E /* NOMissSubsTableViewCell.h */ = {isa = PBXFileReference; fileEncoding = 4; lastKnownFileType = sourcecode.c.h; path = NOMissSubsTableViewCell.h; sourceTree = "<group>"; };
		41CA10321D9BE5BF0094024E /* NOMissSubsTableViewCell.m */ = {isa = PBXFileReference; fileEncoding = 4; lastKnownFileType = sourcecode.c.objc; path = NOMissSubsTableViewCell.m; sourceTree = "<group>"; };
		41CA10341D9BF61A0094024E /* BestWelcomeTableViewCell.h */ = {isa = PBXFileReference; fileEncoding = 4; lastKnownFileType = sourcecode.c.h; path = BestWelcomeTableViewCell.h; sourceTree = "<group>"; };
		41CA10351D9BF61A0094024E /* BestWelcomeTableViewCell.m */ = {isa = PBXFileReference; fileEncoding = 4; lastKnownFileType = sourcecode.c.objc; path = BestWelcomeTableViewCell.m; sourceTree = "<group>"; };
		41CA23FF1D9A87B600AF8EAD /* LookAllTableViewCell.h */ = {isa = PBXFileReference; fileEncoding = 4; lastKnownFileType = sourcecode.c.h; path = LookAllTableViewCell.h; sourceTree = "<group>"; };
		41CA24001D9A87B600AF8EAD /* LookAllTableViewCell.m */ = {isa = PBXFileReference; fileEncoding = 4; lastKnownFileType = sourcecode.c.objc; path = LookAllTableViewCell.m; sourceTree = "<group>"; };
		41CA24021D9A8F1100AF8EAD /* FoodprintHeadCollectionViewCell.h */ = {isa = PBXFileReference; fileEncoding = 4; lastKnownFileType = sourcecode.c.h; path = FoodprintHeadCollectionViewCell.h; sourceTree = "<group>"; };
		41CA24031D9A8F1100AF8EAD /* FoodprintHeadCollectionViewCell.m */ = {isa = PBXFileReference; fileEncoding = 4; lastKnownFileType = sourcecode.c.objc; path = FoodprintHeadCollectionViewCell.m; sourceTree = "<group>"; };
		41CA24051D9AA2A000AF8EAD /* FootprintCollectionTableViewCell.h */ = {isa = PBXFileReference; fileEncoding = 4; lastKnownFileType = sourcecode.c.h; path = FootprintCollectionTableViewCell.h; sourceTree = "<group>"; };
		41CA24061D9AA2A000AF8EAD /* FootprintCollectionTableViewCell.m */ = {isa = PBXFileReference; fileEncoding = 4; lastKnownFileType = sourcecode.c.objc; path = FootprintCollectionTableViewCell.m; sourceTree = "<group>"; };
		41CA240B1D9AA48400AF8EAD /* FootPrintTwoCollectionViewCell.h */ = {isa = PBXFileReference; fileEncoding = 4; lastKnownFileType = sourcecode.c.h; path = FootPrintTwoCollectionViewCell.h; sourceTree = "<group>"; };
		41CA240C1D9AA48400AF8EAD /* FootPrintTwoCollectionViewCell.m */ = {isa = PBXFileReference; fileEncoding = 4; lastKnownFileType = sourcecode.c.objc; path = FootPrintTwoCollectionViewCell.m; sourceTree = "<group>"; };
		49252C4C1D93E1610068B48E /* HomeSlideModel.h */ = {isa = PBXFileReference; fileEncoding = 4; lastKnownFileType = sourcecode.c.h; path = HomeSlideModel.h; sourceTree = "<group>"; };
		49252C4D1D93E1610068B48E /* HomeSlideModel.m */ = {isa = PBXFileReference; fileEncoding = 4; lastKnownFileType = sourcecode.c.objc; path = HomeSlideModel.m; sourceTree = "<group>"; };
		49252C4F1D93E2430068B48E /* SlideCollectionViewCell.h */ = {isa = PBXFileReference; fileEncoding = 4; lastKnownFileType = sourcecode.c.h; path = SlideCollectionViewCell.h; sourceTree = "<group>"; };
		49252C501D93E2430068B48E /* SlideCollectionViewCell.m */ = {isa = PBXFileReference; fileEncoding = 4; lastKnownFileType = sourcecode.c.objc; path = SlideCollectionViewCell.m; sourceTree = "<group>"; };
		49252C521D9405E20068B48E /* CommendView.h */ = {isa = PBXFileReference; fileEncoding = 4; lastKnownFileType = sourcecode.c.h; path = CommendView.h; sourceTree = "<group>"; };
		49252C531D9405E20068B48E /* CommendView.m */ = {isa = PBXFileReference; fileEncoding = 4; lastKnownFileType = sourcecode.c.objc; path = CommendView.m; sourceTree = "<group>"; };
		49252C551D940CBB0068B48E /* TabView.h */ = {isa = PBXFileReference; fileEncoding = 4; lastKnownFileType = sourcecode.c.h; path = TabView.h; sourceTree = "<group>"; };
		49252C561D940CBB0068B48E /* TabView.m */ = {isa = PBXFileReference; fileEncoding = 4; lastKnownFileType = sourcecode.c.objc; path = TabView.m; sourceTree = "<group>"; };
		4939FD8E1D955A0400FDC0AD /* FootprintPopBournModel.h */ = {isa = PBXFileReference; fileEncoding = 4; lastKnownFileType = sourcecode.c.h; path = FootprintPopBournModel.h; sourceTree = "<group>"; };
		4939FD8F1D955A0400FDC0AD /* FootprintPopBournModel.m */ = {isa = PBXFileReference; fileEncoding = 4; lastKnownFileType = sourcecode.c.objc; path = FootprintPopBournModel.m; sourceTree = "<group>"; };
		4945D1D11D9695B40071434E /* PopBournCollectionViewCell.h */ = {isa = PBXFileReference; fileEncoding = 4; lastKnownFileType = sourcecode.c.h; path = PopBournCollectionViewCell.h; sourceTree = "<group>"; };
		4945D1D21D9695B40071434E /* PopBournCollectionViewCell.m */ = {isa = PBXFileReference; fileEncoding = 4; lastKnownFileType = sourcecode.c.objc; path = PopBournCollectionViewCell.m; sourceTree = "<group>"; };
		4945D1D41D9698E90071434E /* ContinentModel.h */ = {isa = PBXFileReference; fileEncoding = 4; lastKnownFileType = sourcecode.c.h; path = ContinentModel.h; sourceTree = "<group>"; };
		4945D1D51D9698E90071434E /* ContinentModel.m */ = {isa = PBXFileReference; fileEncoding = 4; lastKnownFileType = sourcecode.c.objc; path = ContinentModel.m; sourceTree = "<group>"; };
		496BD9FB1D92C6260013E78A /* HomeOneTableViewCell.h */ = {isa = PBXFileReference; fileEncoding = 4; lastKnownFileType = sourcecode.c.h; path = HomeOneTableViewCell.h; sourceTree = "<group>"; };
		496BD9FC1D92C6260013E78A /* HomeOneTableViewCell.m */ = {isa = PBXFileReference; fileEncoding = 4; lastKnownFileType = sourcecode.c.objc; path = HomeOneTableViewCell.m; sourceTree = "<group>"; };
		49A01AD01D950D980066C1B9 /* AZBaseLabel.h */ = {isa = PBXFileReference; fileEncoding = 4; lastKnownFileType = sourcecode.c.h; path = AZBaseLabel.h; sourceTree = "<group>"; };
		49A01AD11D950D980066C1B9 /* AZBaseLabel.m */ = {isa = PBXFileReference; fileEncoding = 4; lastKnownFileType = sourcecode.c.objc; path = AZBaseLabel.m; sourceTree = "<group>"; };
		49A01AD31D9518F20066C1B9 /* AZBaseButton.h */ = {isa = PBXFileReference; fileEncoding = 4; lastKnownFileType = sourcecode.c.h; path = AZBaseButton.h; sourceTree = "<group>"; };
		49A01AD41D9518F20066C1B9 /* AZBaseButton.m */ = {isa = PBXFileReference; fileEncoding = 4; lastKnownFileType = sourcecode.c.objc; path = AZBaseButton.m; sourceTree = "<group>"; };
		49D9AF801D92167B0095FB0D /* WJQ_ApeTravel.app */ = {isa = PBXFileReference; explicitFileType = wrapper.application; includeInIndex = 0; path = WJQ_ApeTravel.app; sourceTree = BUILT_PRODUCTS_DIR; };
		49D9AF841D92167B0095FB0D /* main.m */ = {isa = PBXFileReference; lastKnownFileType = sourcecode.c.objc; path = main.m; sourceTree = "<group>"; };
		49D9AF861D92167B0095FB0D /* AppDelegate.h */ = {isa = PBXFileReference; lastKnownFileType = sourcecode.c.h; path = AppDelegate.h; sourceTree = "<group>"; };
		49D9AF871D92167B0095FB0D /* AppDelegate.m */ = {isa = PBXFileReference; lastKnownFileType = sourcecode.c.objc; path = AppDelegate.m; sourceTree = "<group>"; };
		49D9AF891D92167B0095FB0D /* ViewController.h */ = {isa = PBXFileReference; lastKnownFileType = sourcecode.c.h; path = ViewController.h; sourceTree = "<group>"; };
		49D9AF8A1D92167B0095FB0D /* ViewController.m */ = {isa = PBXFileReference; lastKnownFileType = sourcecode.c.objc; path = ViewController.m; sourceTree = "<group>"; };
		49D9AF8D1D92167B0095FB0D /* Base */ = {isa = PBXFileReference; lastKnownFileType = file.storyboard; name = Base; path = Base.lproj/Main.storyboard; sourceTree = "<group>"; };
		49D9AF901D92167B0095FB0D /* WJQ_ApeTravel.xcdatamodel */ = {isa = PBXFileReference; lastKnownFileType = wrapper.xcdatamodel; path = WJQ_ApeTravel.xcdatamodel; sourceTree = "<group>"; };
		49D9AF921D92167B0095FB0D /* Assets.xcassets */ = {isa = PBXFileReference; lastKnownFileType = folder.assetcatalog; path = Assets.xcassets; sourceTree = "<group>"; };
		49D9AF951D92167B0095FB0D /* Base */ = {isa = PBXFileReference; lastKnownFileType = file.storyboard; name = Base; path = Base.lproj/LaunchScreen.storyboard; sourceTree = "<group>"; };
		49D9AF971D92167B0095FB0D /* Info.plist */ = {isa = PBXFileReference; lastKnownFileType = text.plist.xml; path = Info.plist; sourceTree = "<group>"; };
		49D9AF9C1D92167B0095FB0D /* WJQ_ApeTravelTests.xctest */ = {isa = PBXFileReference; explicitFileType = wrapper.cfbundle; includeInIndex = 0; path = WJQ_ApeTravelTests.xctest; sourceTree = BUILT_PRODUCTS_DIR; };
		49D9AFA01D92167B0095FB0D /* WJQ_ApeTravelTests.m */ = {isa = PBXFileReference; lastKnownFileType = sourcecode.c.objc; path = WJQ_ApeTravelTests.m; sourceTree = "<group>"; };
		49D9AFA21D92167B0095FB0D /* Info.plist */ = {isa = PBXFileReference; lastKnownFileType = text.plist.xml; path = Info.plist; sourceTree = "<group>"; };
		49D9AFAC1D9217400095FB0D /* AboutMe.text */ = {isa = PBXFileReference; fileEncoding = 4; lastKnownFileType = net.daringfireball.markdown; path = AboutMe.text; sourceTree = "<group>"; };
		49D9AFC51D9218420095FB0D /* NSString+Regex.h */ = {isa = PBXFileReference; fileEncoding = 4; lastKnownFileType = sourcecode.c.h; path = "NSString+Regex.h"; sourceTree = "<group>"; };
		49D9AFC61D9218420095FB0D /* NSString+Regex.m */ = {isa = PBXFileReference; fileEncoding = 4; lastKnownFileType = sourcecode.c.objc; path = "NSString+Regex.m"; sourceTree = "<group>"; };
		49D9AFC71D9218420095FB0D /* UIView+Frame.h */ = {isa = PBXFileReference; fileEncoding = 4; lastKnownFileType = sourcecode.c.h; path = "UIView+Frame.h"; sourceTree = "<group>"; };
		49D9AFC81D9218420095FB0D /* UIView+Frame.m */ = {isa = PBXFileReference; fileEncoding = 4; lastKnownFileType = sourcecode.c.objc; path = "UIView+Frame.m"; sourceTree = "<group>"; };
		49D9AFCD1D9218560095FB0D /* AZBaseController.h */ = {isa = PBXFileReference; fileEncoding = 4; lastKnownFileType = sourcecode.c.h; path = AZBaseController.h; sourceTree = "<group>"; };
		49D9AFCE1D9218560095FB0D /* AZBaseController.m */ = {isa = PBXFileReference; fileEncoding = 4; lastKnownFileType = sourcecode.c.objc; path = AZBaseController.m; sourceTree = "<group>"; };
		49D9AFD01D9218560095FB0D /* AZBaseModel.h */ = {isa = PBXFileReference; fileEncoding = 4; lastKnownFileType = sourcecode.c.h; path = AZBaseModel.h; sourceTree = "<group>"; };
		49D9AFD11D9218560095FB0D /* AZBaseModel.m */ = {isa = PBXFileReference; fileEncoding = 4; lastKnownFileType = sourcecode.c.objc; path = AZBaseModel.m; sourceTree = "<group>"; };
		49D9AFD31D9218560095FB0D /* AZBaseView.h */ = {isa = PBXFileReference; fileEncoding = 4; lastKnownFileType = sourcecode.c.h; path = AZBaseView.h; sourceTree = "<group>"; };
		49D9AFD41D9218560095FB0D /* AZBaseView.m */ = {isa = PBXFileReference; fileEncoding = 4; lastKnownFileType = sourcecode.c.objc; path = AZBaseView.m; sourceTree = "<group>"; };
		49D9AFDB1D921AB20095FB0D /* FootprintViewController.h */ = {isa = PBXFileReference; fileEncoding = 4; lastKnownFileType = sourcecode.c.h; path = FootprintViewController.h; sourceTree = "<group>"; };
		49D9AFDC1D921AB20095FB0D /* FootprintViewController.m */ = {isa = PBXFileReference; fileEncoding = 4; lastKnownFileType = sourcecode.c.objc; path = FootprintViewController.m; sourceTree = "<group>"; };
		49D9AFDE1D921AC00095FB0D /* DiscountViewController.h */ = {isa = PBXFileReference; fileEncoding = 4; lastKnownFileType = sourcecode.c.h; path = DiscountViewController.h; sourceTree = "<group>"; };
		49D9AFDF1D921AC00095FB0D /* DiscountViewController.m */ = {isa = PBXFileReference; fileEncoding = 4; lastKnownFileType = sourcecode.c.objc; path = DiscountViewController.m; sourceTree = "<group>"; };
		49D9AFE11D921ADA0095FB0D /* CommunityViewController.h */ = {isa = PBXFileReference; fileEncoding = 4; lastKnownFileType = sourcecode.c.h; path = CommunityViewController.h; sourceTree = "<group>"; };
		49D9AFE21D921ADA0095FB0D /* CommunityViewController.m */ = {isa = PBXFileReference; fileEncoding = 4; lastKnownFileType = sourcecode.c.objc; path = CommunityViewController.m; sourceTree = "<group>"; };
		49D9AFE71D924C540095FB0D /* HomeViewController.h */ = {isa = PBXFileReference; fileEncoding = 4; lastKnownFileType = sourcecode.c.h; path = HomeViewController.h; sourceTree = "<group>"; };
		49D9AFE81D924C540095FB0D /* HomeViewController.m */ = {isa = PBXFileReference; fileEncoding = 4; lastKnownFileType = sourcecode.c.objc; path = HomeViewController.m; sourceTree = "<group>"; };
		49D9AFEA1D9267DA0095FB0D /* HomeTableViewCell.h */ = {isa = PBXFileReference; fileEncoding = 4; lastKnownFileType = sourcecode.c.h; path = HomeTableViewCell.h; sourceTree = "<group>"; };
		49D9AFEB1D9267DA0095FB0D /* HomeTableViewCell.m */ = {isa = PBXFileReference; fileEncoding = 4; lastKnownFileType = sourcecode.c.objc; path = HomeTableViewCell.m; sourceTree = "<group>"; };
		49D9AFED1D926ED20095FB0D /* HomeModel.h */ = {isa = PBXFileReference; fileEncoding = 4; lastKnownFileType = sourcecode.c.h; path = HomeModel.h; sourceTree = "<group>"; };
		49D9AFEE1D926ED20095FB0D /* HomeModel.m */ = {isa = PBXFileReference; fileEncoding = 4; lastKnownFileType = sourcecode.c.objc; path = HomeModel.m; sourceTree = "<group>"; };
		49D9AFF01D9274940095FB0D /* NSString+Categories.h */ = {isa = PBXFileReference; fileEncoding = 4; lastKnownFileType = sourcecode.c.h; path = "NSString+Categories.h"; sourceTree = "<group>"; };
		49D9AFF11D9274940095FB0D /* NSString+Categories.m */ = {isa = PBXFileReference; fileEncoding = 4; lastKnownFileType = sourcecode.c.objc; path = "NSString+Categories.m"; sourceTree = "<group>"; };
		49D9AFF31D9274CF0095FB0D /* UIImage+Categories.h */ = {isa = PBXFileReference; fileEncoding = 4; lastKnownFileType = sourcecode.c.h; path = "UIImage+Categories.h"; sourceTree = "<group>"; };
		49D9AFF41D9274CF0095FB0D /* UIImage+Categories.m */ = {isa = PBXFileReference; fileEncoding = 4; lastKnownFileType = sourcecode.c.objc; path = "UIImage+Categories.m"; sourceTree = "<group>"; };
		49D9AFF71D927AC90095FB0D /* SystemUnit.h */ = {isa = PBXFileReference; lastKnownFileType = sourcecode.c.h; path = SystemUnit.h; sourceTree = "<group>"; };
		49D9AFF91D92907C0095FB0D /* PrefixHeader.pch */ = {isa = PBXFileReference; lastKnownFileType = sourcecode.c.h; path = PrefixHeader.pch; sourceTree = "<group>"; };
		49F5CFA11D936C49006DA898 /* HomeTwoTableViewCell.h */ = {isa = PBXFileReference; fileEncoding = 4; lastKnownFileType = sourcecode.c.h; path = HomeTwoTableViewCell.h; sourceTree = "<group>"; };
		49F5CFA21D936C49006DA898 /* HomeTwoTableViewCell.m */ = {isa = PBXFileReference; fileEncoding = 4; lastKnownFileType = sourcecode.c.objc; path = HomeTwoTableViewCell.m; sourceTree = "<group>"; };
		49F5CFA41D936DC5006DA898 /* HomeThreeTableViewCell.h */ = {isa = PBXFileReference; fileEncoding = 4; lastKnownFileType = sourcecode.c.h; path = HomeThreeTableViewCell.h; sourceTree = "<group>"; };
		49F5CFA51D936DC5006DA898 /* HomeThreeTableViewCell.m */ = {isa = PBXFileReference; fileEncoding = 4; lastKnownFileType = sourcecode.c.objc; path = HomeThreeTableViewCell.m; sourceTree = "<group>"; };
		49F5CFA71D938033006DA898 /* SubitemsCollectionViewCell.h */ = {isa = PBXFileReference; fileEncoding = 4; lastKnownFileType = sourcecode.c.h; path = SubitemsCollectionViewCell.h; sourceTree = "<group>"; };
		49F5CFA81D938033006DA898 /* SubitemsCollectionViewCell.m */ = {isa = PBXFileReference; fileEncoding = 4; lastKnownFileType = sourcecode.c.objc; path = SubitemsCollectionViewCell.m; sourceTree = "<group>"; };
		9CC999D789EC9FBFB7905A5D /* libPods-WJQ_ApeTravel.a */ = {isa = PBXFileReference; explicitFileType = archive.ar; includeInIndex = 0; path = "libPods-WJQ_ApeTravel.a"; sourceTree = BUILT_PRODUCTS_DIR; };
		B1A9E80651E993C07C33559A /* libPods-WJQ_ApeTravelTests.a */ = {isa = PBXFileReference; explicitFileType = archive.ar; includeInIndex = 0; path = "libPods-WJQ_ApeTravelTests.a"; sourceTree = BUILT_PRODUCTS_DIR; };
		DC7173349E36538D65D9B9E5 /* Pods-WJQ_ApeTravel.release.xcconfig */ = {isa = PBXFileReference; includeInIndex = 1; lastKnownFileType = text.xcconfig; name = "Pods-WJQ_ApeTravel.release.xcconfig"; path = "Pods/Target Support Files/Pods-WJQ_ApeTravel/Pods-WJQ_ApeTravel.release.xcconfig"; sourceTree = "<group>"; };
/* End PBXFileReference section */

/* Begin PBXFrameworksBuildPhase section */
		49D9AF7D1D92167B0095FB0D /* Frameworks */ = {
			isa = PBXFrameworksBuildPhase;
			buildActionMask = 2147483647;
			files = (
				BD3D6E32DDCC34E62666E2FD /* libPods-WJQ_ApeTravel.a in Frameworks */,
			);
			runOnlyForDeploymentPostprocessing = 0;
		};
		49D9AF991D92167B0095FB0D /* Frameworks */ = {
			isa = PBXFrameworksBuildPhase;
			buildActionMask = 2147483647;
			files = (
				F07AB8AF9B8964CF49CE542D /* libPods-WJQ_ApeTravelTests.a in Frameworks */,
			);
			runOnlyForDeploymentPostprocessing = 0;
		};
/* End PBXFrameworksBuildPhase section */

/* Begin PBXGroup section */
		412666171D9E078200E93BE5 /* buttonImage */ = {
			isa = PBXGroup;
			children = (
				412666181D9E078200E93BE5 /* 1.jpg */,
				412666191D9E078200E93BE5 /* 10.jpg */,
				4126661A1D9E078200E93BE5 /* 2.jpg */,
				4126661B1D9E078200E93BE5 /* 3.jpg */,
				4126661C1D9E078200E93BE5 /* 4.jpg */,
				4126661D1D9E078200E93BE5 /* 5.jpg */,
				4126661E1D9E078200E93BE5 /* 6.jpg */,
				4126661F1D9E078200E93BE5 /* 7.jpg */,
				412666201D9E078200E93BE5 /* 8.jpg */,
				412666211D9E078200E93BE5 /* 9.jpg */,
			);
			path = buttonImage;
			sourceTree = "<group>";
		};
		41568E9E1D9F8B4C000EFBEB /* RegisterBoundary */ = {
			isa = PBXGroup;
			children = (
				41568EA01D9F8B80000EFBEB /* Colltroller */,
				41568E9F1D9F8B7D000EFBEB /* View */,
			);
			name = RegisterBoundary;
			path = ../Discount;
			sourceTree = "<group>";
		};
		41568E9F1D9F8B7D000EFBEB /* View */ = {
			isa = PBXGroup;
			children = (
			);
			name = View;
			sourceTree = "<group>";
		};
		41568EA01D9F8B80000EFBEB /* Colltroller */ = {
			isa = PBXGroup;
			children = (
				41568EA41D9F8D35000EFBEB /* RegisterSubsViewController.h */,
				41568EA51D9F8D35000EFBEB /* RegisterSubsViewController.m */,
				4124B1E31DA1F35500D62C50 /* ReisterSubsLoginViewController.h */,
				4124B1E41DA1F35500D62C50 /* ReisterSubsLoginViewController.m */,
				4124B1EC1DA1FD8B00D62C50 /* RegisterSubsProvingViewController.h */,
				4124B1ED1DA1FD8B00D62C50 /* RegisterSubsProvingViewController.m */,
				4124B1EF1DA2017900D62C50 /* RegisterSubsLastViewController.h */,
				4124B1F01DA2017900D62C50 /* RegisterSubsLastViewController.m */,
			);
			name = Colltroller;
			sourceTree = "<group>";
		};
		41568EAD1D9F9C17000EFBEB /* Login */ = {
			isa = PBXGroup;
			children = (
				41568E9E1D9F8B4C000EFBEB /* RegisterBoundary */,
			);
			name = Login;
			sourceTree = "<group>";
		};
		418250E11D9CF2D60088F78D /* Model */ = {
			isa = PBXGroup;
			children = (
				418251001D9D363F0088F78D /* DiscountTopic.h */,
				418251011D9D363F0088F78D /* DiscountTopic.m */,
				418250F11D9CFF850088F78D /* DiscountTopicListModel.h */,
				418250F21D9CFF850088F78D /* DiscountTopicListModel.m */,
				418250EE1D9CFF210088F78D /* DiscountTopicTopicModel.h */,
				418250EF1D9CFF210088F78D /* DiscountTopicTopicModel.m */,
				418250FD1D9D2CA10088F78D /* HotArea.h */,
				418250FE1D9D2CA10088F78D /* HotArea.m */,
				418250EB1D9CFC990088F78D /* HotAreaListModel.h */,
				418250EC1D9CFC990088F78D /* HotAreaListModel.m */,
				418250E81D9CFBC40088F78D /* HotAreaPlaceModel.h */,
				418250E91D9CFBC40088F78D /* HotAreaPlaceModel.m */,
				418250F41D9D027B0088F78D /* HotGoodsModel.h */,
				418250F51D9D027B0088F78D /* HotGoodsModel.m */,
				418250DE1D9CF2B90088F78D /* MarkettopicModel.h */,
				418250DF1D9CF2B90088F78D /* MarkettopicModel.m */,
			);
			path = Model;
			sourceTree = "<group>";
		};
		4191F8101D991A1400B88EBA /* Model */ = {
			isa = PBXGroup;
			children = (
				4191F8151D99205C00B88EBA /* CityModel.h */,
				4191F8161D99205C00B88EBA /* CityModel.m */,
				4191F8121D991A5000B88EBA /* CountryModel.h */,
				4191F8131D991A5000B88EBA /* CountryModel.m */,
				4191F8181D9922A000B88EBA /* TravelInspanModel.h */,
				4191F8191D9922A000B88EBA /* TravelInspanModel.m */,
			);
			path = Model;
			sourceTree = "<group>";
		};
		4191F8111D991A1E00B88EBA /* View */ = {
			isa = PBXGroup;
			children = (
				41CA24021D9A8F1100AF8EAD /* FoodprintHeadCollectionViewCell.h */,
				41CA24031D9A8F1100AF8EAD /* FoodprintHeadCollectionViewCell.m */,
				41CA240B1D9AA48400AF8EAD /* FootPrintTwoCollectionViewCell.h */,
				41CA240C1D9AA48400AF8EAD /* FootPrintTwoCollectionViewCell.m */,
				41CA24051D9AA2A000AF8EAD /* FootprintCollectionTableViewCell.h */,
				41CA24061D9AA2A000AF8EAD /* FootprintCollectionTableViewCell.m */,
				41CA23FF1D9A87B600AF8EAD /* LookAllTableViewCell.h */,
				41CA24001D9A87B600AF8EAD /* LookAllTableViewCell.m */,
				419D12571D994D0E008C36CF /* TravelInspanTableViewCell.h */,
				419D12581D994D0E008C36CF /* TravelInspanTableViewCell.m */,
			);
			path = View;
			sourceTree = "<group>";
		};
		419FE4F61D98C250008ECAC5 /* JumpSubViewController */ = {
			isa = PBXGroup;
			children = (
				419FE4F71D98C2D1008ECAC5 /* Controller */,
			);
			path = JumpSubViewController;
			sourceTree = "<group>";
		};
		419FE4F71D98C2D1008ECAC5 /* Controller */ = {
			isa = PBXGroup;
			children = (
				419FE4F81D98C303008ECAC5 /* JumpViewController.h */,
				419FE4F91D98C303008ECAC5 /* JumpViewController.m */,
			);
			path = Controller;
			sourceTree = "<group>";
		};
		419FE4FB1D98CA35008ECAC5 /* SubViewControllerCountry */ = {
			isa = PBXGroup;
			children = (
				419FE4FC1D98CA98008ECAC5 /* Controller */,
				4191F8101D991A1400B88EBA /* Model */,
				4191F8111D991A1E00B88EBA /* View */,
			);
			path = SubViewControllerCountry;
			sourceTree = "<group>";
		};
		419FE4FC1D98CA98008ECAC5 /* Controller */ = {
			isa = PBXGroup;
			children = (
				419FE4FD1D98CAC8008ECAC5 /* CountryViewController.h */,
				419FE4FE1D98CAC8008ECAC5 /* CountryViewController.m */,
			);
			path = Controller;
			sourceTree = "<group>";
		};
		41CA10271D9BB7B80094024E /* TravelSiteDetails */ = {
			isa = PBXGroup;
			children = (
				41CA10281D9BB8330094024E /* Collection */,
				41CA102A1D9BB83A0094024E /* Model */,
				41CA10291D9BB8370094024E /* View */,
			);
			path = TravelSiteDetails;
			sourceTree = "<group>";
		};
		41CA10281D9BB8330094024E /* Collection */ = {
			isa = PBXGroup;
			children = (
				41CA102B1D9BB8790094024E /* TravelSiteViewController.h */,
				41CA102C1D9BB8790094024E /* TravelSiteViewController.m */,
			);
			path = Collection;
			sourceTree = "<group>";
		};
		41CA10291D9BB8370094024E /* View */ = {
			isa = PBXGroup;
			children = (
				411F66A11D9C096A004779A5 /* BestWelcomeCollectionViewCell.h */,
				411F66A21D9C096A004779A5 /* BestWelcomeCollectionViewCell.m */,
				41CA10341D9BF61A0094024E /* BestWelcomeTableViewCell.h */,
				41CA10351D9BF61A0094024E /* BestWelcomeTableViewCell.m */,
				4124B1F21DA2780A00D62C50 /* StarView.h */,
				4124B1F31DA2780A00D62C50 /* StarView.m */,
				41CA10311D9BE5BF0094024E /* NOMissSubsTableViewCell.h */,
				41CA10321D9BE5BF0094024E /* NOMissSubsTableViewCell.m */,
				41CA102E1D9BE3E10094024E /* NOMissTableViewCell.h */,
				41CA102F1D9BE3E10094024E /* NOMissTableViewCell.m */,
				411F66A71D9C116E004779A5 /* NecessaryCollectionViewCell.h */,
				411F66A81D9C116E004779A5 /* NecessaryCollectionViewCell.m */,
				411F66A41D9C0D87004779A5 /* NecessaryTableViewCell.h */,
				411F66A51D9C0D87004779A5 /* NecessaryTableViewCell.m */,
			);
			path = View;
			sourceTree = "<group>";
		};
		41CA102A1D9BB83A0094024E /* Model */ = {
			isa = PBXGroup;
			children = (
				411F66BB1D9C9C2D004779A5 /* Local_BasicModel.h */,
				411F66BC1D9C9C2D004779A5 /* Local_BasicModel.m */,
				411F66B81D9C9ADC004779A5 /* Most_PopularModel.h */,
				411F66B91D9C9ADC004779A5 /* Most_PopularModel.m */,
				411F66B51D9C9932004779A5 /* Not_MissModel.h */,
				411F66B61D9C9932004779A5 /* Not_MissModel.m */,
			);
			path = Model;
			sourceTree = "<group>";
		};
		49D9AF771D92167B0095FB0D = {
			isa = PBXGroup;
			children = (
				ECD94882E377880C321D5F75 /* Frameworks */,
				877B3FAF80D5785A239BB481 /* Pods */,
				49D9AF811D92167B0095FB0D /* Products */,
				49D9AF821D92167B0095FB0D /* WJQ_ApeTravel */,
				49D9AF9F1D92167B0095FB0D /* WJQ_ApeTravelTests */,
			);
			sourceTree = "<group>";
		};
		49D9AF811D92167B0095FB0D /* Products */ = {
			isa = PBXGroup;
			children = (
				49D9AF801D92167B0095FB0D /* WJQ_ApeTravel.app */,
				49D9AF9C1D92167B0095FB0D /* WJQ_ApeTravelTests.xctest */,
			);
			name = Products;
			sourceTree = "<group>";
		};
		49D9AF821D92167B0095FB0D /* WJQ_ApeTravel */ = {
			isa = PBXGroup;
			children = (
				49D9AFCB1D9218560095FB0D /* Base */,
				49D9AFC31D9218020095FB0D /* Common */,
				49D9AFAE1D9217430095FB0D /* Modules */,
				49D9AFAB1D92172D0095FB0D /* Resources */,
				49D9AF831D92167B0095FB0D /* Supporting Files */,
				412666171D9E078200E93BE5 /* buttonImage */,
				49D9AF861D92167B0095FB0D /* AppDelegate.h */,
				49D9AF871D92167B0095FB0D /* AppDelegate.m */,
				49D9AF921D92167B0095FB0D /* Assets.xcassets */,
				49D9AF971D92167B0095FB0D /* Info.plist */,
				49D9AF941D92167B0095FB0D /* LaunchScreen.storyboard */,
				49D9AF8C1D92167B0095FB0D /* Main.storyboard */,
				49D9AF891D92167B0095FB0D /* ViewController.h */,
				49D9AF8A1D92167B0095FB0D /* ViewController.m */,
				49D9AF8F1D92167B0095FB0D /* WJQ_ApeTravel.xcdatamodeld */,
			);
			path = WJQ_ApeTravel;
			sourceTree = "<group>";
		};
		49D9AF831D92167B0095FB0D /* Supporting Files */ = {
			isa = PBXGroup;
			children = (
				49D9AFF91D92907C0095FB0D /* PrefixHeader.pch */,
				49D9AF841D92167B0095FB0D /* main.m */,
			);
			path = "Supporting Files";
			sourceTree = "<group>";
		};
		49D9AF9F1D92167B0095FB0D /* WJQ_ApeTravelTests */ = {
			isa = PBXGroup;
			children = (
				49D9AFA21D92167B0095FB0D /* Info.plist */,
				49D9AFA01D92167B0095FB0D /* WJQ_ApeTravelTests.m */,
			);
			path = WJQ_ApeTravelTests;
			sourceTree = "<group>";
		};
		49D9AFAB1D92172D0095FB0D /* Resources */ = {
			isa = PBXGroup;
			children = (
				49D9AFAC1D9217400095FB0D /* AboutMe.text */,
			);
			path = Resources;
			sourceTree = "<group>";
		};
		49D9AFAE1D9217430095FB0D /* Modules */ = {
			isa = PBXGroup;
			children = (
				49D9AFB31D9217740095FB0D /* Community */,
				49D9AFB71D9217970095FB0D /* Discount */,
				49D9AFBB1D9217C20095FB0D /* Footprint */,
				49D9AFBF1D9217E20095FB0D /* Home */,
				49D9AFAF1D9217570095FB0D /* Register */,
			);
			path = Modules;
			sourceTree = "<group>";
		};
		49D9AFAF1D9217570095FB0D /* Register */ = {
			isa = PBXGroup;
			children = (
				41568EAD1D9F9C17000EFBEB /* Login */,
				49D9AFB01D92175F0095FB0D /* Controller */,
				49D9AFB21D9217640095FB0D /* Model */,
				49D9AFB11D9217610095FB0D /* View */,
			);
			path = Register;
			sourceTree = "<group>";
		};
		49D9AFB01D92175F0095FB0D /* Controller */ = {
			isa = PBXGroup;
			children = (
				4124B1E91DA1F99F00D62C50 /* RegisterViewController.h */,
				4124B1EA1DA1F99F00D62C50 /* RegisterViewController.m */,
			);
			path = Controller;
			sourceTree = "<group>";
		};
		49D9AFB11D9217610095FB0D /* View */ = {
			isa = PBXGroup;
			children = (
				4172ADB31D9E8D30005208BB /* RegisterButton.h */,
				4172ADB41D9E8D30005208BB /* RegisterButton.m */,
				414B4F111D9E6402000F260F /* RegisterSubsTableViewCell.h */,
				414B4F121D9E6402000F260F /* RegisterSubsTableViewCell.m */,
				414B4F0E1D9E5385000F260F /* RegisterTableViewCell.h */,
				414B4F0F1D9E5385000F260F /* RegisterTableViewCell.m */,
			);
			path = View;
			sourceTree = "<group>";
		};
		49D9AFB21D9217640095FB0D /* Model */ = {
			isa = PBXGroup;
			children = (
			);
			path = Model;
			sourceTree = "<group>";
		};
		49D9AFB31D9217740095FB0D /* Community */ = {
			isa = PBXGroup;
			children = (
				49D9AFB41D9217870095FB0D /* Controller */,
				49D9AFB61D92178C0095FB0D /* Model */,
				49D9AFB51D92178A0095FB0D /* View */,
			);
			path = Community;
			sourceTree = "<group>";
		};
		49D9AFB41D9217870095FB0D /* Controller */ = {
			isa = PBXGroup;
			children = (
				49D9AFE11D921ADA0095FB0D /* CommunityViewController.h */,
				49D9AFE21D921ADA0095FB0D /* CommunityViewController.m */,
			);
			path = Controller;
			sourceTree = "<group>";
		};
		49D9AFB51D92178A0095FB0D /* View */ = {
			isa = PBXGroup;
			children = (
			);
			path = View;
			sourceTree = "<group>";
		};
		49D9AFB61D92178C0095FB0D /* Model */ = {
			isa = PBXGroup;
			children = (
			);
			path = Model;
			sourceTree = "<group>";
		};
		49D9AFB71D9217970095FB0D /* Discount */ = {
			isa = PBXGroup;
			children = (
				49D9AFB81D9217AD0095FB0D /* Controller */,
				418250E11D9CF2D60088F78D /* Model */,
				49D9AFB91D9217B00095FB0D /* View */,
			);
			path = Discount;
			sourceTree = "<group>";
		};
		49D9AFB81D9217AD0095FB0D /* Controller */ = {
			isa = PBXGroup;
			children = (
				49D9AFDE1D921AC00095FB0D /* DiscountViewController.h */,
				49D9AFDF1D921AC00095FB0D /* DiscountViewController.m */,
			);
			path = Controller;
			sourceTree = "<group>";
		};
		49D9AFB91D9217B00095FB0D /* View */ = {
			isa = PBXGroup;
			children = (
				412666141D9E011100E93BE5 /* DiscountButtonView.h */,
				412666151D9E011100E93BE5 /* DiscountButtonView.m */,
				418251031D9D37F70088F78D /* DiscountTopicTableViewCell.h */,
				418251041D9D37F70088F78D /* DiscountTopicTableViewCell.m */,
				412666111D9D601300E93BE5 /* HotGoodCollectionViewCell.h */,
				412666121D9D601300E93BE5 /* HotGoodCollectionViewCell.m */,
				418251061D9D50510088F78D /* HotGoodTableViewCell.h */,
				418251071D9D50510088F78D /* HotGoodTableViewCell.m */,
				418250FA1D9D12500088F78D /* Hot_AreaSubViewCollectionViewCell.h */,
				418250FB1D9D12500088F78D /* Hot_AreaSubViewCollectionViewCell.m */,
				418250F71D9D0D110088F78D /* Hot_AreaSubViewTableViewCell.h */,
				418250F81D9D0D110088F78D /* Hot_AreaSubViewTableViewCell.m */,
				418250E51D9CF9AF0088F78D /* Hot_AreaTableViewCell.h */,
				418250E61D9CF9AF0088F78D /* Hot_AreaTableViewCell.m */,
			);
			path = View;
			sourceTree = "<group>";
		};
		49D9AFBB1D9217C20095FB0D /* Footprint */ = {
			isa = PBXGroup;
			children = (
				49D9AFBC1D9217D30095FB0D /* Controller */,
				49D9AFBE1D9217D70095FB0D /* Model */,
				419FE4FB1D98CA35008ECAC5 /* SubViewControllerCountry */,
				49D9AFBD1D9217D50095FB0D /* View */,
			);
			path = Footprint;
			sourceTree = "<group>";
		};
		49D9AFBC1D9217D30095FB0D /* Controller */ = {
			isa = PBXGroup;
			children = (
				49D9AFDB1D921AB20095FB0D /* FootprintViewController.h */,
				49D9AFDC1D921AB20095FB0D /* FootprintViewController.m */,
			);
			path = Controller;
			sourceTree = "<group>";
		};
		49D9AFBD1D9217D50095FB0D /* View */ = {
			isa = PBXGroup;
			children = (
				419D12A21D9A6E75008C36CF /* FootprintLineTableViewCell.h */,
				419D12A31D9A6E75008C36CF /* FootprintLineTableViewCell.m */,
				4945D1D11D9695B40071434E /* PopBournCollectionViewCell.h */,
				4945D1D21D9695B40071434E /* PopBournCollectionViewCell.m */,
			);
			path = View;
			sourceTree = "<group>";
		};
		49D9AFBE1D9217D70095FB0D /* Model */ = {
			isa = PBXGroup;
			children = (
				4945D1D41D9698E90071434E /* ContinentModel.h */,
				4945D1D51D9698E90071434E /* ContinentModel.m */,
				4939FD8E1D955A0400FDC0AD /* FootprintPopBournModel.h */,
				4939FD8F1D955A0400FDC0AD /* FootprintPopBournModel.m */,
			);
			path = Model;
			sourceTree = "<group>";
		};
		49D9AFBF1D9217E20095FB0D /* Home */ = {
			isa = PBXGroup;
			children = (
				49D9AFC01D9217EC0095FB0D /* Controller */,
				419FE4F61D98C250008ECAC5 /* JumpSubViewController */,
				49D9AFC21D9217F00095FB0D /* Model */,
				41CA10271D9BB7B80094024E /* TravelSiteDetails */,
				49D9AFC11D9217EE0095FB0D /* View */,
			);
			path = Home;
			sourceTree = "<group>";
		};
		49D9AFC01D9217EC0095FB0D /* Controller */ = {
			isa = PBXGroup;
			children = (
				49D9AFE71D924C540095FB0D /* HomeViewController.h */,
				49D9AFE81D924C540095FB0D /* HomeViewController.m */,
			);
			path = Controller;
			sourceTree = "<group>";
		};
		49D9AFC11D9217EE0095FB0D /* View */ = {
			isa = PBXGroup;
			children = (
				49252C521D9405E20068B48E /* CommendView.h */,
				49252C531D9405E20068B48E /* CommendView.m */,
				496BD9FB1D92C6260013E78A /* HomeOneTableViewCell.h */,
				496BD9FC1D92C6260013E78A /* HomeOneTableViewCell.m */,
				49D9AFEA1D9267DA0095FB0D /* HomeTableViewCell.h */,
				49D9AFEB1D9267DA0095FB0D /* HomeTableViewCell.m */,
				49F5CFA41D936DC5006DA898 /* HomeThreeTableViewCell.h */,
				49F5CFA51D936DC5006DA898 /* HomeThreeTableViewCell.m */,
				49F5CFA11D936C49006DA898 /* HomeTwoTableViewCell.h */,
				49F5CFA21D936C49006DA898 /* HomeTwoTableViewCell.m */,
				49252C4F1D93E2430068B48E /* SlideCollectionViewCell.h */,
				49252C501D93E2430068B48E /* SlideCollectionViewCell.m */,
				49F5CFA71D938033006DA898 /* SubitemsCollectionViewCell.h */,
				49F5CFA81D938033006DA898 /* SubitemsCollectionViewCell.m */,
				49252C551D940CBB0068B48E /* TabView.h */,
				49252C561D940CBB0068B48E /* TabView.m */,
			);
			path = View;
			sourceTree = "<group>";
		};
		49D9AFC21D9217F00095FB0D /* Model */ = {
			isa = PBXGroup;
			children = (
				49D9AFED1D926ED20095FB0D /* HomeModel.h */,
				49D9AFEE1D926ED20095FB0D /* HomeModel.m */,
				49252C4C1D93E1610068B48E /* HomeSlideModel.h */,
				49252C4D1D93E1610068B48E /* HomeSlideModel.m */,
			);
			path = Model;
			sourceTree = "<group>";
		};
		49D9AFC31D9218020095FB0D /* Common */ = {
			isa = PBXGroup;
			children = (
				49D9AFC41D9218420095FB0D /* Categories */,
				49D9AFF61D927AB40095FB0D /* Util */,
			);
			path = Common;
			sourceTree = "<group>";
		};
		49D9AFC41D9218420095FB0D /* Categories */ = {
			isa = PBXGroup;
			children = (
				49D9AFF01D9274940095FB0D /* NSString+Categories.h */,
				49D9AFF11D9274940095FB0D /* NSString+Categories.m */,
				49D9AFC51D9218420095FB0D /* NSString+Regex.h */,
				49D9AFC61D9218420095FB0D /* NSString+Regex.m */,
				49D9AFF31D9274CF0095FB0D /* UIImage+Categories.h */,
				49D9AFF41D9274CF0095FB0D /* UIImage+Categories.m */,
				49D9AFC71D9218420095FB0D /* UIView+Frame.h */,
				49D9AFC81D9218420095FB0D /* UIView+Frame.m */,
			);
			path = Categories;
			sourceTree = "<group>";
		};
		49D9AFCB1D9218560095FB0D /* Base */ = {
			isa = PBXGroup;
			children = (
				49D9AFCC1D9218560095FB0D /* Controller */,
				49D9AFCF1D9218560095FB0D /* Model */,
				49D9AFD21D9218560095FB0D /* View */,
			);
			path = Base;
			sourceTree = "<group>";
		};
		49D9AFCC1D9218560095FB0D /* Controller */ = {
			isa = PBXGroup;
			children = (
				49D9AFCD1D9218560095FB0D /* AZBaseController.h */,
				49D9AFCE1D9218560095FB0D /* AZBaseController.m */,
			);
			path = Controller;
			sourceTree = "<group>";
		};
		49D9AFCF1D9218560095FB0D /* Model */ = {
			isa = PBXGroup;
			children = (
				49D9AFD01D9218560095FB0D /* AZBaseModel.h */,
				49D9AFD11D9218560095FB0D /* AZBaseModel.m */,
			);
			path = Model;
			sourceTree = "<group>";
		};
		49D9AFD21D9218560095FB0D /* View */ = {
			isa = PBXGroup;
			children = (
				49A01AD31D9518F20066C1B9 /* AZBaseButton.h */,
				49A01AD41D9518F20066C1B9 /* AZBaseButton.m */,
				49A01AD01D950D980066C1B9 /* AZBaseLabel.h */,
				49A01AD11D950D980066C1B9 /* AZBaseLabel.m */,
				49D9AFD31D9218560095FB0D /* AZBaseView.h */,
				49D9AFD41D9218560095FB0D /* AZBaseView.m */,
				41568EA71D9F91FA000EFBEB /* AZBaseTextField.h */,
				41568EA81D9F91FA000EFBEB /* AZBaseTextField.m */,
				41568EAA1D9F9682000EFBEB /* AZUnderlineButton.h */,
				41568EAB1D9F9682000EFBEB /* AZUnderlineButton.m */,
			);
			path = View;
			sourceTree = "<group>";
		};
		49D9AFF61D927AB40095FB0D /* Util */ = {
			isa = PBXGroup;
			children = (
				411F66AC1D9C97D0004779A5 /* FileManagerUtils.h */,
				411F66AD1D9C97D0004779A5 /* FileManagerUtils.m */,
				411F66AE1D9C97D0004779A5 /* NSUserDefaultsUtils.h */,
				411F66AF1D9C97D0004779A5 /* NSUserDefaultsUtils.m */,
				49D9AFF71D927AC90095FB0D /* SystemUnit.h */,
			);
			path = Util;
			sourceTree = "<group>";
		};
		877B3FAF80D5785A239BB481 /* Pods */ = {
			isa = PBXGroup;
			children = (
				337E83EC9341EEF2D0DC4B82 /* Pods-WJQ_ApeTravel.debug.xcconfig */,
				DC7173349E36538D65D9B9E5 /* Pods-WJQ_ApeTravel.release.xcconfig */,
				0A7BAD0048A38BA313E94CE9 /* Pods-WJQ_ApeTravelTests.debug.xcconfig */,
				02382DD6916FA7BEC0DC808E /* Pods-WJQ_ApeTravelTests.release.xcconfig */,
			);
			name = Pods;
			sourceTree = "<group>";
		};
		ECD94882E377880C321D5F75 /* Frameworks */ = {
			isa = PBXGroup;
			children = (
				9CC999D789EC9FBFB7905A5D /* libPods-WJQ_ApeTravel.a */,
				B1A9E80651E993C07C33559A /* libPods-WJQ_ApeTravelTests.a */,
			);
			name = Frameworks;
			sourceTree = "<group>";
		};
/* End PBXGroup section */

/* Begin PBXNativeTarget section */
		49D9AF7F1D92167B0095FB0D /* WJQ_ApeTravel */ = {
			isa = PBXNativeTarget;
			buildConfigurationList = 49D9AFA51D92167B0095FB0D /* Build configuration list for PBXNativeTarget "WJQ_ApeTravel" */;
			buildPhases = (
				B8C1C323694FF0BE0A44570F /* [CP] Check Pods Manifest.lock */,
				49D9AF7C1D92167B0095FB0D /* Sources */,
				49D9AF7D1D92167B0095FB0D /* Frameworks */,
				49D9AF7E1D92167B0095FB0D /* Resources */,
				D84BD1F9299DB2779996C34E /* [CP] Embed Pods Frameworks */,
				2046567DD47FAEA0978C30E8 /* [CP] Copy Pods Resources */,
			);
			buildRules = (
			);
			dependencies = (
			);
			name = WJQ_ApeTravel;
			productName = WJQ_ApeTravel;
			productReference = 49D9AF801D92167B0095FB0D /* WJQ_ApeTravel.app */;
			productType = "com.apple.product-type.application";
		};
		49D9AF9B1D92167B0095FB0D /* WJQ_ApeTravelTests */ = {
			isa = PBXNativeTarget;
			buildConfigurationList = 49D9AFA81D92167B0095FB0D /* Build configuration list for PBXNativeTarget "WJQ_ApeTravelTests" */;
			buildPhases = (
				CC1C077D9A61838A42885E1D /* [CP] Check Pods Manifest.lock */,
				49D9AF981D92167B0095FB0D /* Sources */,
				49D9AF991D92167B0095FB0D /* Frameworks */,
				49D9AF9A1D92167B0095FB0D /* Resources */,
				EBA867A623589383F7D259C0 /* [CP] Embed Pods Frameworks */,
				28C0FBE10AA507EE6B02D133 /* [CP] Copy Pods Resources */,
			);
			buildRules = (
			);
			dependencies = (
				49D9AF9E1D92167B0095FB0D /* PBXTargetDependency */,
			);
			name = WJQ_ApeTravelTests;
			productName = WJQ_ApeTravelTests;
			productReference = 49D9AF9C1D92167B0095FB0D /* WJQ_ApeTravelTests.xctest */;
			productType = "com.apple.product-type.bundle.unit-test";
		};
/* End PBXNativeTarget section */

/* Begin PBXProject section */
		49D9AF781D92167B0095FB0D /* Project object */ = {
			isa = PBXProject;
			attributes = {
				LastUpgradeCheck = 0710;
				ORGANIZATIONNAME = Mars02400059;
				TargetAttributes = {
					49D9AF7F1D92167B0095FB0D = {
						CreatedOnToolsVersion = 7.1;
					};
					49D9AF9B1D92167B0095FB0D = {
						CreatedOnToolsVersion = 7.1;
						TestTargetID = 49D9AF7F1D92167B0095FB0D;
					};
				};
			};
			buildConfigurationList = 49D9AF7B1D92167B0095FB0D /* Build configuration list for PBXProject "WJQ_ApeTravel" */;
			compatibilityVersion = "Xcode 3.2";
			developmentRegion = English;
			hasScannedForEncodings = 0;
			knownRegions = (
				en,
				Base,
			);
			mainGroup = 49D9AF771D92167B0095FB0D;
			productRefGroup = 49D9AF811D92167B0095FB0D /* Products */;
			projectDirPath = "";
			projectRoot = "";
			targets = (
				49D9AF7F1D92167B0095FB0D /* WJQ_ApeTravel */,
				49D9AF9B1D92167B0095FB0D /* WJQ_ApeTravelTests */,
			);
		};
/* End PBXProject section */

/* Begin PBXResourcesBuildPhase section */
		49D9AF7E1D92167B0095FB0D /* Resources */ = {
			isa = PBXResourcesBuildPhase;
			buildActionMask = 2147483647;
			files = (
				4126662B1D9E078200E93BE5 /* 9.jpg in Resources */,
				4126662A1D9E078200E93BE5 /* 8.jpg in Resources */,
				412666291D9E078200E93BE5 /* 7.jpg in Resources */,
				412666261D9E078200E93BE5 /* 4.jpg in Resources */,
				412666241D9E078200E93BE5 /* 2.jpg in Resources */,
				412666231D9E078200E93BE5 /* 10.jpg in Resources */,
				412666271D9E078200E93BE5 /* 5.jpg in Resources */,
				412666281D9E078200E93BE5 /* 6.jpg in Resources */,
				49D9AF961D92167B0095FB0D /* LaunchScreen.storyboard in Resources */,
				412666221D9E078200E93BE5 /* 1.jpg in Resources */,
				49D9AF931D92167B0095FB0D /* Assets.xcassets in Resources */,
				412666251D9E078200E93BE5 /* 3.jpg in Resources */,
				49D9AF8E1D92167B0095FB0D /* Main.storyboard in Resources */,
			);
			runOnlyForDeploymentPostprocessing = 0;
		};
		49D9AF9A1D92167B0095FB0D /* Resources */ = {
			isa = PBXResourcesBuildPhase;
			buildActionMask = 2147483647;
			files = (
			);
			runOnlyForDeploymentPostprocessing = 0;
		};
/* End PBXResourcesBuildPhase section */

/* Begin PBXShellScriptBuildPhase section */
		2046567DD47FAEA0978C30E8 /* [CP] Copy Pods Resources */ = {
			isa = PBXShellScriptBuildPhase;
			buildActionMask = 2147483647;
			files = (
			);
			inputPaths = (
			);
			name = "[CP] Copy Pods Resources";
			outputPaths = (
			);
			runOnlyForDeploymentPostprocessing = 0;
			shellPath = /bin/sh;
			shellScript = "\"${SRCROOT}/Pods/Target Support Files/Pods-WJQ_ApeTravel/Pods-WJQ_ApeTravel-resources.sh\"\n";
			showEnvVarsInLog = 0;
		};
		28C0FBE10AA507EE6B02D133 /* [CP] Copy Pods Resources */ = {
			isa = PBXShellScriptBuildPhase;
			buildActionMask = 2147483647;
			files = (
			);
			inputPaths = (
			);
			name = "[CP] Copy Pods Resources";
			outputPaths = (
			);
			runOnlyForDeploymentPostprocessing = 0;
			shellPath = /bin/sh;
			shellScript = "\"${SRCROOT}/Pods/Target Support Files/Pods-WJQ_ApeTravelTests/Pods-WJQ_ApeTravelTests-resources.sh\"\n";
			showEnvVarsInLog = 0;
		};
		B8C1C323694FF0BE0A44570F /* [CP] Check Pods Manifest.lock */ = {
			isa = PBXShellScriptBuildPhase;
			buildActionMask = 2147483647;
			files = (
			);
			inputPaths = (
			);
			name = "[CP] Check Pods Manifest.lock";
			outputPaths = (
			);
			runOnlyForDeploymentPostprocessing = 0;
			shellPath = /bin/sh;
			shellScript = "diff \"${PODS_ROOT}/../Podfile.lock\" \"${PODS_ROOT}/Manifest.lock\" > /dev/null\nif [[ $? != 0 ]] ; then\n    cat << EOM\nerror: The sandbox is not in sync with the Podfile.lock. Run 'pod install' or update your CocoaPods installation.\nEOM\n    exit 1\nfi\n";
			showEnvVarsInLog = 0;
		};
		CC1C077D9A61838A42885E1D /* [CP] Check Pods Manifest.lock */ = {
			isa = PBXShellScriptBuildPhase;
			buildActionMask = 2147483647;
			files = (
			);
			inputPaths = (
			);
			name = "[CP] Check Pods Manifest.lock";
			outputPaths = (
			);
			runOnlyForDeploymentPostprocessing = 0;
			shellPath = /bin/sh;
			shellScript = "diff \"${PODS_ROOT}/../Podfile.lock\" \"${PODS_ROOT}/Manifest.lock\" > /dev/null\nif [[ $? != 0 ]] ; then\n    cat << EOM\nerror: The sandbox is not in sync with the Podfile.lock. Run 'pod install' or update your CocoaPods installation.\nEOM\n    exit 1\nfi\n";
			showEnvVarsInLog = 0;
		};
		D84BD1F9299DB2779996C34E /* [CP] Embed Pods Frameworks */ = {
			isa = PBXShellScriptBuildPhase;
			buildActionMask = 2147483647;
			files = (
			);
			inputPaths = (
			);
			name = "[CP] Embed Pods Frameworks";
			outputPaths = (
			);
			runOnlyForDeploymentPostprocessing = 0;
			shellPath = /bin/sh;
			shellScript = "\"${SRCROOT}/Pods/Target Support Files/Pods-WJQ_ApeTravel/Pods-WJQ_ApeTravel-frameworks.sh\"\n";
			showEnvVarsInLog = 0;
		};
		EBA867A623589383F7D259C0 /* [CP] Embed Pods Frameworks */ = {
			isa = PBXShellScriptBuildPhase;
			buildActionMask = 2147483647;
			files = (
			);
			inputPaths = (
			);
			name = "[CP] Embed Pods Frameworks";
			outputPaths = (
			);
			runOnlyForDeploymentPostprocessing = 0;
			shellPath = /bin/sh;
			shellScript = "\"${SRCROOT}/Pods/Target Support Files/Pods-WJQ_ApeTravelTests/Pods-WJQ_ApeTravelTests-frameworks.sh\"\n";
			showEnvVarsInLog = 0;
		};
/* End PBXShellScriptBuildPhase section */

/* Begin PBXSourcesBuildPhase section */
		49D9AF7C1D92167B0095FB0D /* Sources */ = {
			isa = PBXSourcesBuildPhase;
			buildActionMask = 2147483647;
			files = (
				418251081D9D50510088F78D /* HotGoodTableViewCell.m in Sources */,
				41CA10331D9BE5BF0094024E /* NOMissSubsTableViewCell.m in Sources */,
				49D9AF8B1D92167B0095FB0D /* ViewController.m in Sources */,
				41CA10361D9BF61A0094024E /* BestWelcomeTableViewCell.m in Sources */,
				412666131D9D601300E93BE5 /* HotGoodCollectionViewCell.m in Sources */,
				418250F31D9CFF850088F78D /* DiscountTopicListModel.m in Sources */,
				49F5CFA31D936C49006DA898 /* HomeTwoTableViewCell.m in Sources */,
				4191F8141D991A5000B88EBA /* CountryModel.m in Sources */,
				49F5CFA91D938033006DA898 /* SubitemsCollectionViewCell.m in Sources */,
				411F66A31D9C096A004779A5 /* BestWelcomeCollectionViewCell.m in Sources */,
				411F66A91D9C116E004779A5 /* NecessaryCollectionViewCell.m in Sources */,
				4124B1EB1DA1F99F00D62C50 /* RegisterViewController.m in Sources */,
				4191F81A1D9922A000B88EBA /* TravelInspanModel.m in Sources */,
				49D9AFF21D9274940095FB0D /* NSString+Categories.m in Sources */,
				4124B1EE1DA1FD8B00D62C50 /* RegisterSubsProvingViewController.m in Sources */,
				41CA24041D9A8F1100AF8EAD /* FoodprintHeadCollectionViewCell.m in Sources */,
				418250F61D9D027B0088F78D /* HotGoodsModel.m in Sources */,
				418250ED1D9CFC990088F78D /* HotAreaListModel.m in Sources */,
				49D9AFC91D9218420095FB0D /* NSString+Regex.m in Sources */,
				49D9AFAD1D9217400095FB0D /* AboutMe.text in Sources */,
				49D9AFDD1D921AB20095FB0D /* FootprintViewController.m in Sources */,
				418251051D9D37F70088F78D /* DiscountTopicTableViewCell.m in Sources */,
				49A01AD51D9518F20066C1B9 /* AZBaseButton.m in Sources */,
				49D9AFCA1D9218420095FB0D /* UIView+Frame.m in Sources */,
				49252C541D9405E20068B48E /* CommendView.m in Sources */,
				412666161D9E011100E93BE5 /* DiscountButtonView.m in Sources */,
				418250E01D9CF2B90088F78D /* MarkettopicModel.m in Sources */,
				418250FC1D9D12500088F78D /* Hot_AreaSubViewCollectionViewCell.m in Sources */,
				418250EA1D9CFBC40088F78D /* HotAreaPlaceModel.m in Sources */,
				4172ADB51D9E8D30005208BB /* RegisterButton.m in Sources */,
				49D9AFD61D9218560095FB0D /* AZBaseModel.m in Sources */,
				49D9AF881D92167B0095FB0D /* AppDelegate.m in Sources */,
				49D9AF851D92167B0095FB0D /* main.m in Sources */,
				49252C511D93E2430068B48E /* SlideCollectionViewCell.m in Sources */,
				418250E71D9CF9AF0088F78D /* Hot_AreaTableViewCell.m in Sources */,
				41CA240D1D9AA48400AF8EAD /* FootPrintTwoCollectionViewCell.m in Sources */,
				41CA102D1D9BB8790094024E /* TravelSiteViewController.m in Sources */,
				41568EAC1D9F9682000EFBEB /* AZUnderlineButton.m in Sources */,
				411F66BD1D9C9C2D004779A5 /* Local_BasicModel.m in Sources */,
				419D12591D994D0E008C36CF /* TravelInspanTableViewCell.m in Sources */,
				4945D1D61D9698E90071434E /* ContinentModel.m in Sources */,
				418250F91D9D0D110088F78D /* Hot_AreaSubViewTableViewCell.m in Sources */,
				411F66B21D9C97D0004779A5 /* NSUserDefaultsUtils.m in Sources */,
				41568EA91D9F91FA000EFBEB /* AZBaseTextField.m in Sources */,
				49D9AFE91D924C540095FB0D /* HomeViewController.m in Sources */,
				49A01AD21D950D980066C1B9 /* AZBaseLabel.m in Sources */,
				418250FF1D9D2CA10088F78D /* HotArea.m in Sources */,
				49D9AF911D92167B0095FB0D /* WJQ_ApeTravel.xcdatamodeld in Sources */,
				411F66B11D9C97D0004779A5 /* FileManagerUtils.m in Sources */,
				49D9AFEC1D9267DA0095FB0D /* HomeTableViewCell.m in Sources */,
				41CA24071D9AA2A000AF8EAD /* FootprintCollectionTableViewCell.m in Sources */,
				41CA24011D9A87B600AF8EAD /* LookAllTableViewCell.m in Sources */,
				414B4F101D9E5385000F260F /* RegisterTableViewCell.m in Sources */,
				49252C4E1D93E1610068B48E /* HomeSlideModel.m in Sources */,
				49D9AFF51D9274CF0095FB0D /* UIImage+Categories.m in Sources */,
				4124B1F11DA2017900D62C50 /* RegisterSubsLastViewController.m in Sources */,
				411F66BA1D9C9ADC004779A5 /* Most_PopularModel.m in Sources */,
				49D9AFE31D921ADA0095FB0D /* CommunityViewController.m in Sources */,
				4124B1F41DA2780A00D62C50 /* StarView.m in Sources */,
				4945D1D31D9695B40071434E /* PopBournCollectionViewCell.m in Sources */,
				418250F01D9CFF210088F78D /* DiscountTopicTopicModel.m in Sources */,
				496BD9FD1D92C6260013E78A /* HomeOneTableViewCell.m in Sources */,
				4124B1E51DA1F35500D62C50 /* ReisterSubsLoginViewController.m in Sources */,
				49F5CFA61D936DC5006DA898 /* HomeThreeTableViewCell.m in Sources */,
				49D9AFD71D9218560095FB0D /* AZBaseView.m in Sources */,
				4191F8171D99205C00B88EBA /* CityModel.m in Sources */,
				411F66B71D9C9932004779A5 /* Not_MissModel.m in Sources */,
				41CA10301D9BE3E10094024E /* NOMissTableViewCell.m in Sources */,
				41568EA61D9F8D35000EFBEB /* RegisterSubsViewController.m in Sources */,
				49D9AFEF1D926ED20095FB0D /* HomeModel.m in Sources */,
				4939FD901D955A0400FDC0AD /* FootprintPopBournModel.m in Sources */,
				418251021D9D363F0088F78D /* DiscountTopic.m in Sources */,
				49252C571D940CBB0068B48E /* TabView.m in Sources */,
				419FE4FA1D98C303008ECAC5 /* JumpViewController.m in Sources */,
				49D9AFD51D9218560095FB0D /* AZBaseController.m in Sources */,
				414B4F131D9E6402000F260F /* RegisterSubsTableViewCell.m in Sources */,
				49D9AFE01D921AC00095FB0D /* DiscountViewController.m in Sources */,
				411F66A61D9C0D87004779A5 /* NecessaryTableViewCell.m in Sources */,
				419FE4FF1D98CAC8008ECAC5 /* CountryViewController.m in Sources */,
				419D12A41D9A6E75008C36CF /* FootprintLineTableViewCell.m in Sources */,
			);
			runOnlyForDeploymentPostprocessing = 0;
		};
		49D9AF981D92167B0095FB0D /* Sources */ = {
			isa = PBXSourcesBuildPhase;
			buildActionMask = 2147483647;
			files = (
				49D9AFA11D92167B0095FB0D /* WJQ_ApeTravelTests.m in Sources */,
			);
			runOnlyForDeploymentPostprocessing = 0;
		};
/* End PBXSourcesBuildPhase section */

/* Begin PBXTargetDependency section */
		49D9AF9E1D92167B0095FB0D /* PBXTargetDependency */ = {
			isa = PBXTargetDependency;
			target = 49D9AF7F1D92167B0095FB0D /* WJQ_ApeTravel */;
			targetProxy = 49D9AF9D1D92167B0095FB0D /* PBXContainerItemProxy */;
		};
/* End PBXTargetDependency section */

/* Begin PBXVariantGroup section */
		49D9AF8C1D92167B0095FB0D /* Main.storyboard */ = {
			isa = PBXVariantGroup;
			children = (
				49D9AF8D1D92167B0095FB0D /* Base */,
			);
			name = Main.storyboard;
			path = .;
			sourceTree = "<group>";
		};
		49D9AF941D92167B0095FB0D /* LaunchScreen.storyboard */ = {
			isa = PBXVariantGroup;
			children = (
				49D9AF951D92167B0095FB0D /* Base */,
			);
			name = LaunchScreen.storyboard;
			path = .;
			sourceTree = "<group>";
		};
/* End PBXVariantGroup section */

/* Begin XCBuildConfiguration section */
		49D9AFA31D92167B0095FB0D /* Debug */ = {
			isa = XCBuildConfiguration;
			buildSettings = {
				ALWAYS_SEARCH_USER_PATHS = NO;
				CLANG_CXX_LANGUAGE_STANDARD = "gnu++0x";
				CLANG_CXX_LIBRARY = "libc++";
				CLANG_ENABLE_MODULES = YES;
				CLANG_ENABLE_OBJC_ARC = YES;
				CLANG_WARN_BOOL_CONVERSION = YES;
				CLANG_WARN_CONSTANT_CONVERSION = YES;
				CLANG_WARN_DIRECT_OBJC_ISA_USAGE = YES_ERROR;
				CLANG_WARN_EMPTY_BODY = YES;
				CLANG_WARN_ENUM_CONVERSION = YES;
				CLANG_WARN_INT_CONVERSION = YES;
				CLANG_WARN_OBJC_ROOT_CLASS = YES_ERROR;
				CLANG_WARN_UNREACHABLE_CODE = YES;
				CLANG_WARN__DUPLICATE_METHOD_MATCH = YES;
				"CODE_SIGN_IDENTITY[sdk=iphoneos*]" = "iPhone Developer";
				COPY_PHASE_STRIP = NO;
				DEBUG_INFORMATION_FORMAT = dwarf;
				ENABLE_STRICT_OBJC_MSGSEND = YES;
				ENABLE_TESTABILITY = YES;
				GCC_C_LANGUAGE_STANDARD = gnu99;
				GCC_DYNAMIC_NO_PIC = NO;
				GCC_NO_COMMON_BLOCKS = YES;
				GCC_OPTIMIZATION_LEVEL = 0;
				GCC_PREPROCESSOR_DEFINITIONS = (
					"DEBUG=1",
					"$(inherited)",
				);
				GCC_WARN_64_TO_32_BIT_CONVERSION = YES;
				GCC_WARN_ABOUT_RETURN_TYPE = YES_ERROR;
				GCC_WARN_UNDECLARED_SELECTOR = YES;
				GCC_WARN_UNINITIALIZED_AUTOS = YES_AGGRESSIVE;
				GCC_WARN_UNUSED_FUNCTION = YES;
				GCC_WARN_UNUSED_VARIABLE = YES;
				IPHONEOS_DEPLOYMENT_TARGET = 9.1;
				MTL_ENABLE_DEBUG_INFO = YES;
				ONLY_ACTIVE_ARCH = YES;
				SDKROOT = iphoneos;
			};
			name = Debug;
		};
		49D9AFA41D92167B0095FB0D /* Release */ = {
			isa = XCBuildConfiguration;
			buildSettings = {
				ALWAYS_SEARCH_USER_PATHS = NO;
				CLANG_CXX_LANGUAGE_STANDARD = "gnu++0x";
				CLANG_CXX_LIBRARY = "libc++";
				CLANG_ENABLE_MODULES = YES;
				CLANG_ENABLE_OBJC_ARC = YES;
				CLANG_WARN_BOOL_CONVERSION = YES;
				CLANG_WARN_CONSTANT_CONVERSION = YES;
				CLANG_WARN_DIRECT_OBJC_ISA_USAGE = YES_ERROR;
				CLANG_WARN_EMPTY_BODY = YES;
				CLANG_WARN_ENUM_CONVERSION = YES;
				CLANG_WARN_INT_CONVERSION = YES;
				CLANG_WARN_OBJC_ROOT_CLASS = YES_ERROR;
				CLANG_WARN_UNREACHABLE_CODE = YES;
				CLANG_WARN__DUPLICATE_METHOD_MATCH = YES;
				"CODE_SIGN_IDENTITY[sdk=iphoneos*]" = "iPhone Developer";
				COPY_PHASE_STRIP = NO;
				DEBUG_INFORMATION_FORMAT = "dwarf-with-dsym";
				ENABLE_NS_ASSERTIONS = NO;
				ENABLE_STRICT_OBJC_MSGSEND = YES;
				GCC_C_LANGUAGE_STANDARD = gnu99;
				GCC_NO_COMMON_BLOCKS = YES;
				GCC_WARN_64_TO_32_BIT_CONVERSION = YES;
				GCC_WARN_ABOUT_RETURN_TYPE = YES_ERROR;
				GCC_WARN_UNDECLARED_SELECTOR = YES;
				GCC_WARN_UNINITIALIZED_AUTOS = YES_AGGRESSIVE;
				GCC_WARN_UNUSED_FUNCTION = YES;
				GCC_WARN_UNUSED_VARIABLE = YES;
				IPHONEOS_DEPLOYMENT_TARGET = 9.1;
				MTL_ENABLE_DEBUG_INFO = NO;
				SDKROOT = iphoneos;
				VALIDATE_PRODUCT = YES;
			};
			name = Release;
		};
		49D9AFA61D92167B0095FB0D /* Debug */ = {
			isa = XCBuildConfiguration;
			baseConfigurationReference = 337E83EC9341EEF2D0DC4B82 /* Pods-WJQ_ApeTravel.debug.xcconfig */;
			buildSettings = {
				ASSETCATALOG_COMPILER_APPICON_NAME = AppIcon;
				CLANG_ENABLE_OBJC_ARC = YES;
				GCC_PRECOMPILE_PREFIX_HEADER = NO;
				GCC_PREFIX_HEADER = "$(SRCROOT)/WJQ_ApeTravel/Supporting Files/PrefixHeader.pch";
				INFOPLIST_FILE = WJQ_ApeTravel/Info.plist;
				IPHONEOS_DEPLOYMENT_TARGET = 9.1;
				LD_RUNPATH_SEARCH_PATHS = "$(inherited) @executable_path/Frameworks";
				PRODUCT_BUNDLE_IDENTIFIER = "com.wangjiaoqi.WJQ-ApeTravel";
				PRODUCT_NAME = "$(TARGET_NAME)";
				USER_HEADER_SEARCH_PATHS = "$(SRCROOT)/**";
			};
			name = Debug;
		};
		49D9AFA71D92167B0095FB0D /* Release */ = {
			isa = XCBuildConfiguration;
			baseConfigurationReference = DC7173349E36538D65D9B9E5 /* Pods-WJQ_ApeTravel.release.xcconfig */;
			buildSettings = {
				ASSETCATALOG_COMPILER_APPICON_NAME = AppIcon;
				CLANG_ENABLE_OBJC_ARC = YES;
				GCC_PRECOMPILE_PREFIX_HEADER = NO;
				GCC_PREFIX_HEADER = "$(SRCROOT)/WJQ_ApeTravel/Supporting Files/PrefixHeader.pch";
				INFOPLIST_FILE = WJQ_ApeTravel/Info.plist;
				IPHONEOS_DEPLOYMENT_TARGET = 9.1;
				LD_RUNPATH_SEARCH_PATHS = "$(inherited) @executable_path/Frameworks";
				PRODUCT_BUNDLE_IDENTIFIER = "com.wangjiaoqi.WJQ-ApeTravel";
				PRODUCT_NAME = "$(TARGET_NAME)";
				USER_HEADER_SEARCH_PATHS = "$(SRCROOT)/**";
			};
			name = Release;
		};
		49D9AFA91D92167B0095FB0D /* Debug */ = {
			isa = XCBuildConfiguration;
			baseConfigurationReference = 0A7BAD0048A38BA313E94CE9 /* Pods-WJQ_ApeTravelTests.debug.xcconfig */;
			buildSettings = {
				BUNDLE_LOADER = "$(TEST_HOST)";
				INFOPLIST_FILE = WJQ_ApeTravelTests/Info.plist;
				LD_RUNPATH_SEARCH_PATHS = "$(inherited) @executable_path/Frameworks @loader_path/Frameworks";
				PRODUCT_BUNDLE_IDENTIFIER = "com.wangjiaoqi.WJQ-ApeTravelTests";
				PRODUCT_NAME = "$(TARGET_NAME)";
				TEST_HOST = "$(BUILT_PRODUCTS_DIR)/WJQ_ApeTravel.app/WJQ_ApeTravel";
			};
			name = Debug;
		};
		49D9AFAA1D92167B0095FB0D /* Release */ = {
			isa = XCBuildConfiguration;
			baseConfigurationReference = 02382DD6916FA7BEC0DC808E /* Pods-WJQ_ApeTravelTests.release.xcconfig */;
			buildSettings = {
				BUNDLE_LOADER = "$(TEST_HOST)";
				INFOPLIST_FILE = WJQ_ApeTravelTests/Info.plist;
				LD_RUNPATH_SEARCH_PATHS = "$(inherited) @executable_path/Frameworks @loader_path/Frameworks";
				PRODUCT_BUNDLE_IDENTIFIER = "com.wangjiaoqi.WJQ-ApeTravelTests";
				PRODUCT_NAME = "$(TARGET_NAME)";
				TEST_HOST = "$(BUILT_PRODUCTS_DIR)/WJQ_ApeTravel.app/WJQ_ApeTravel";
			};
			name = Release;
		};
/* End XCBuildConfiguration section */

/* Begin XCConfigurationList section */
		49D9AF7B1D92167B0095FB0D /* Build configuration list for PBXProject "WJQ_ApeTravel" */ = {
			isa = XCConfigurationList;
			buildConfigurations = (
				49D9AFA31D92167B0095FB0D /* Debug */,
				49D9AFA41D92167B0095FB0D /* Release */,
			);
			defaultConfigurationIsVisible = 0;
			defaultConfigurationName = Release;
		};
		49D9AFA51D92167B0095FB0D /* Build configuration list for PBXNativeTarget "WJQ_ApeTravel" */ = {
			isa = XCConfigurationList;
			buildConfigurations = (
				49D9AFA61D92167B0095FB0D /* Debug */,
				49D9AFA71D92167B0095FB0D /* Release */,
			);
			defaultConfigurationIsVisible = 0;
			defaultConfigurationName = Release;
		};
		49D9AFA81D92167B0095FB0D /* Build configuration list for PBXNativeTarget "WJQ_ApeTravelTests" */ = {
			isa = XCConfigurationList;
			buildConfigurations = (
				49D9AFA91D92167B0095FB0D /* Debug */,
				49D9AFAA1D92167B0095FB0D /* Release */,
			);
			defaultConfigurationIsVisible = 0;
			defaultConfigurationName = Release;
		};
/* End XCConfigurationList section */

/* Begin XCVersionGroup section */
		49D9AF8F1D92167B0095FB0D /* WJQ_ApeTravel.xcdatamodeld */ = {
			isa = XCVersionGroup;
			children = (
				49D9AF901D92167B0095FB0D /* WJQ_ApeTravel.xcdatamodel */,
			);
			currentVersion = 49D9AF901D92167B0095FB0D /* WJQ_ApeTravel.xcdatamodel */;
			path = WJQ_ApeTravel.xcdatamodeld;
			sourceTree = "<group>";
			versionGroupType = wrapper.xcdatamodel;
		};
/* End XCVersionGroup section */
	};
	rootObject = 49D9AF781D92167B0095FB0D /* Project object */;
}
